// !$*UTF8*$!
{
	archiveVersion = 1;
	classes = {
	};
	objectVersion = 51;
	objects = {

/* Begin PBXBuildFile section */
		2500739624F54A37009A32FA /* UserSetting.swift in Sources */ = {isa = PBXBuildFile; fileRef = 2500739524F54A37009A32FA /* UserSetting.swift */; };
		2505883625267E8F0018E3A8 /* SnuYumMediumWidgetEntryView.swift in Sources */ = {isa = PBXBuildFile; fileRef = 2505882E25267E250018E3A8 /* SnuYumMediumWidgetEntryView.swift */; };
		2505884325267E920018E3A8 /* SnuYumSmallWidgetEntryView.swift in Sources */ = {isa = PBXBuildFile; fileRef = 2505882025267DF10018E3A8 /* SnuYumSmallWidgetEntryView.swift */; };
		250ADF5E251A8701008D83B8 /* AppStatus.swift in Sources */ = {isa = PBXBuildFile; fileRef = 250ADF5D251A8701008D83B8 /* AppStatus.swift */; };
		250BBBDA24F3F8F900FC0C84 /* Assets.xcassets in Resources */ = {isa = PBXBuildFile; fileRef = 250BBBD924F3F8F900FC0C84 /* Assets.xcassets */; };
		250BBBDD24F3F8F900FC0C84 /* Preview Assets.xcassets in Resources */ = {isa = PBXBuildFile; fileRef = 250BBBDC24F3F8F900FC0C84 /* Preview Assets.xcassets */; };
		250BBBE024F3F8F900FC0C84 /* LaunchScreen.storyboard in Resources */ = {isa = PBXBuildFile; fileRef = 250BBBDE24F3F8F900FC0C84 /* LaunchScreen.storyboard */; };
		250BBBF124F3F92E00FC0C84 /* DailyProposer.swift in Sources */ = {isa = PBXBuildFile; fileRef = 250BBBEA24F3F92D00FC0C84 /* DailyProposer.swift */; };
		250BBBF324F3F92E00FC0C84 /* OperatingTime.swift in Sources */ = {isa = PBXBuildFile; fileRef = 250BBBEC24F3F92D00FC0C84 /* OperatingTime.swift */; };
		250BBBF524F3F92E00FC0C84 /* ThemeColor+.swift in Sources */ = {isa = PBXBuildFile; fileRef = 250BBBEE24F3F92D00FC0C84 /* ThemeColor+.swift */; };
		250BBBF624F3F92E00FC0C84 /* SNUCODownloader.swift in Sources */ = {isa = PBXBuildFile; fileRef = 250BBBEF24F3F92E00FC0C84 /* SNUCODownloader.swift */; };
		250BBC1E24F3FAC800FC0C84 /* AppDelegate.swift in Sources */ = {isa = PBXBuildFile; fileRef = 250BBC1124F3FAC700FC0C84 /* AppDelegate.swift */; };
		250BBC1F24F3FAC800FC0C84 /* ListOrderSettingView.swift in Sources */ = {isa = PBXBuildFile; fileRef = 250BBC1224F3FAC700FC0C84 /* ListOrderSettingView.swift */; };
		250BBC2024F3FAC800FC0C84 /* NaverMapProvider.swift in Sources */ = {isa = PBXBuildFile; fileRef = 250BBC1324F3FAC700FC0C84 /* NaverMapProvider.swift */; };
		250BBC2224F3FAC800FC0C84 /* SettingView.swift in Sources */ = {isa = PBXBuildFile; fileRef = 250BBC1524F3FAC700FC0C84 /* SettingView.swift */; };
		250BBC2424F3FAC800FC0C84 /* CafeRow.swift in Sources */ = {isa = PBXBuildFile; fileRef = 250BBC1724F3FAC700FC0C84 /* CafeRow.swift */; };
		250BBC2524F3FAC800FC0C84 /* SearchBar.swift in Sources */ = {isa = PBXBuildFile; fileRef = 250BBC1824F3FAC700FC0C84 /* SearchBar.swift */; };
		250BBC2724F3FAC800FC0C84 /* SceneDelegate.swift in Sources */ = {isa = PBXBuildFile; fileRef = 250BBC1A24F3FAC700FC0C84 /* SceneDelegate.swift */; };
		250BBC2824F3FAC800FC0C84 /* SectionText.swift in Sources */ = {isa = PBXBuildFile; fileRef = 250BBC1B24F3FAC700FC0C84 /* SectionText.swift */; };
		250BBC2924F3FAC800FC0C84 /* CafeView+.swift in Sources */ = {isa = PBXBuildFile; fileRef = 250BBC1C24F3FAC800FC0C84 /* CafeView+.swift */; };
		250BBC2A24F3FAC800FC0C84 /* MealSelect.swift in Sources */ = {isa = PBXBuildFile; fileRef = 250BBC1D24F3FAC800FC0C84 /* MealSelect.swift */; };
		25137FC425260A6D00A1326C /* DailyProposer.swift in Sources */ = {isa = PBXBuildFile; fileRef = 250BBBEA24F3F92D00FC0C84 /* DailyProposer.swift */; };
		25152DCA25250C5700BE63BF /* CafeList.swift in Sources */ = {isa = PBXBuildFile; fileRef = 250BBBE924F3F92D00FC0C84 /* CafeList.swift */; };
		25152E19252510F400BE63BF /* CafeNameExtension.appex in Embed App Extensions */ = {isa = PBXBuildFile; fileRef = 25152E01252510F400BE63BF /* CafeNameExtension.appex */; settings = {ATTRIBUTES = (RemoveHeadersOnCopy, ); }; };
		25152E6B2525136100BE63BF /* IntentHandler.swift in Sources */ = {isa = PBXBuildFile; fileRef = 25152E03252510F400BE63BF /* IntentHandler.swift */; };
		25152E822525141C00BE63BF /* IntentHandler.swift in Sources */ = {isa = PBXBuildFile; fileRef = 25152E03252510F400BE63BF /* IntentHandler.swift */; };
		251E3527251E9B03003F017D /* Blur.swift in Sources */ = {isa = PBXBuildFile; fileRef = 251E3526251E9B03003F017D /* Blur.swift */; };
		251E352B251E9B47003F017D /* CustomizedCorneredRadius.swift in Sources */ = {isa = PBXBuildFile; fileRef = 251E352A251E9B47003F017D /* CustomizedCorneredRadius.swift */; };
		25235FAB25271AE200B83F27 /* WidgetSubtitle.swift in Sources */ = {isa = PBXBuildFile; fileRef = 25235F8925271A0A00B83F27 /* WidgetSubtitle.swift */; };
		25235FB225271AE400B83F27 /* WidgetTitle.swift in Sources */ = {isa = PBXBuildFile; fileRef = 25235F9D25271A5700B83F27 /* WidgetTitle.swift */; };
		25235FC025271B9000B83F27 /* WidgetAccent.swift in Sources */ = {isa = PBXBuildFile; fileRef = 25235FBF25271B9000B83F27 /* WidgetAccent.swift */; };
		25235FC825271CD800B83F27 /* WidgetNormal.swift in Sources */ = {isa = PBXBuildFile; fileRef = 25235FC725271CD800B83F27 /* WidgetNormal.swift */; };
		2525283F2525002700FD2069 /* SNUCODownloader.swift in Sources */ = {isa = PBXBuildFile; fileRef = 250BBBEF24F3F92E00FC0C84 /* SNUCODownloader.swift */; };
		252528452525002800FD2069 /* OurhomeStorage.swift in Sources */ = {isa = PBXBuildFile; fileRef = 25FF78002503B306006372C7 /* OurhomeStorage.swift */; };
		2525284B2525015D00FD2069 /* Cafe.swift in Sources */ = {isa = PBXBuildFile; fileRef = 25340D5E251395CC00E7FA7A /* Cafe.swift */; };
		252528512525016200FD2069 /* Menu+.swift in Sources */ = {isa = PBXBuildFile; fileRef = 259C58CA25165D0200310FA8 /* Menu+.swift */; };
		252528572525016400FD2069 /* OperatingTime.swift in Sources */ = {isa = PBXBuildFile; fileRef = 250BBBEC24F3F92D00FC0C84 /* OperatingTime.swift */; };
		2525285D2525016600FD2069 /* SimpleTime.swift in Sources */ = {isa = PBXBuildFile; fileRef = 259C58CC25165DD200310FA8 /* SimpleTime.swift */; };
		252528632525028D00FD2069 /* CafeInformation.swift in Sources */ = {isa = PBXBuildFile; fileRef = 25647B6E24F9FFC900E1C3F0 /* CafeInformation.swift */; };
		252B96AC2517ADBC000475C6 /* .swiftlint.yml in Resources */ = {isa = PBXBuildFile; fileRef = 252B96AB2517ADBC000475C6 /* .swiftlint.yml */; };
		25340D5F251395CC00E7FA7A /* Cafe.swift in Sources */ = {isa = PBXBuildFile; fileRef = 25340D5E251395CC00E7FA7A /* Cafe.swift */; };
		253637DD251D112C001038FD /* CustomHeader.swift in Sources */ = {isa = PBXBuildFile; fileRef = 25A627952513BB5000313CD3 /* CustomHeader.swift */; };
		253637E0251D13DC001038FD /* CenterModifier.swift in Sources */ = {isa = PBXBuildFile; fileRef = 25AE49E0251A12C600D4CB55 /* CenterModifier.swift */; };
		2541D06F252634CD00FD3504 /* WidgetCafeteria.swift in Sources */ = {isa = PBXBuildFile; fileRef = 2541D05B252634BA00FD3504 /* WidgetCafeteria.swift */; };
		2541D07E2526350400FD3504 /* WidgetProvider.swift in Sources */ = {isa = PBXBuildFile; fileRef = 2541D0762526350100FD3504 /* WidgetProvider.swift */; };
		2541D10D2526366300FD3504 /* SnuYumWidget.intentdefinition in Sources */ = {isa = PBXBuildFile; fileRef = 25E0051B2524F3E0001C5783 /* SnuYumWidget.intentdefinition */; };
		25478BE9251E967C00B4C3EA /* CafeMaterial.swift in Sources */ = {isa = PBXBuildFile; fileRef = 25478BE8251E967C00B4C3EA /* CafeMaterial.swift */; };
		25478C0C251E98AF00B4C3EA /* MealSection.swift in Sources */ = {isa = PBXBuildFile; fileRef = 25478C0B251E98AF00B4C3EA /* MealSection.swift */; };
		2548872625263CFB001E9024 /* ThemeColor+.swift in Sources */ = {isa = PBXBuildFile; fileRef = 250BBBEE24F3F92D00FC0C84 /* ThemeColor+.swift */; };
		2549427224F505730049F32E /* SimpleToggle.swift in Sources */ = {isa = PBXBuildFile; fileRef = 2549427124F505730049F32E /* SimpleToggle.swift */; };
		255F312924FCE60700CB6487 /* AppTrackingTransparency.swift in Sources */ = {isa = PBXBuildFile; fileRef = 255F312824FCE60700CB6487 /* AppTrackingTransparency.swift */; };
		25647B6F24F9FFC900E1C3F0 /* CafeInformation.swift in Sources */ = {isa = PBXBuildFile; fileRef = 25647B6E24F9FFC900E1C3F0 /* CafeInformation.swift */; };
		2589DF38251B37FC00813B51 /* ErasableRow.swift in Sources */ = {isa = PBXBuildFile; fileRef = 2589DF37251B37FC00813B51 /* ErasableRow.swift */; };
		2591C74025020F4E00704673 /* PrivateData.swift in Sources */ = {isa = PBXBuildFile; fileRef = 2591C73F25020F4E00704673 /* PrivateData.swift */; };
		2593232E24FAE76F0036C148 /* CafeTimerButton.swift in Sources */ = {isa = PBXBuildFile; fileRef = 2593232D24FAE76F0036C148 /* CafeTimerButton.swift */; };
		2593233024FAE8310036C148 /* CafeRowsFiltered.swift in Sources */ = {isa = PBXBuildFile; fileRef = 2593232F24FAE8310036C148 /* CafeRowsFiltered.swift */; };
		2593233224FBB5F40036C148 /* AccentedText.swift in Sources */ = {isa = PBXBuildFile; fileRef = 2593233124FBB5F40036C148 /* AccentedText.swift */; };
		2593233424FBBDF60036C148 /* MapView.swift in Sources */ = {isa = PBXBuildFile; fileRef = 2593233324FBBDF60036C148 /* MapView.swift */; };
		2593233624FBCE7C0036C148 /* AboutAppView.swift in Sources */ = {isa = PBXBuildFile; fileRef = 2593233524FBCE7C0036C148 /* AboutAppView.swift */; };
		25988CCC251F607C006E24A3 /* Blur.swift in Sources */ = {isa = PBXBuildFile; fileRef = 251E3526251E9B03003F017D /* Blur.swift */; };
		25988CE1251F6162006E24A3 /* CustomizedCorneredRadius.swift in Sources */ = {isa = PBXBuildFile; fileRef = 251E352A251E9B47003F017D /* CustomizedCorneredRadius.swift */; };
		259B889524F68B6F001C710C /* GADBannerViewController.swift in Sources */ = {isa = PBXBuildFile; fileRef = 259B889424F68B6F001C710C /* GADBannerViewController.swift */; };
		259C58CB25165D0200310FA8 /* Menu+.swift in Sources */ = {isa = PBXBuildFile; fileRef = 259C58CA25165D0200310FA8 /* Menu+.swift */; };
		259C58CD25165DD200310FA8 /* SimpleTime.swift in Sources */ = {isa = PBXBuildFile; fileRef = 259C58CC25165DD200310FA8 /* SimpleTime.swift */; };
		259F8D5824FA9088000F9A92 /* TimerCafeSettingView.swift in Sources */ = {isa = PBXBuildFile; fileRef = 259F8D5724FA9088000F9A92 /* TimerCafeSettingView.swift */; };
		25A0824A24F3FDEC00593CB3 /* ContentView.swift in Sources */ = {isa = PBXBuildFile; fileRef = 25A0824924F3FDEC00593CB3 /* ContentView.swift */; };
		25A627942513B92600313CD3 /* RowBackground.swift in Sources */ = {isa = PBXBuildFile; fileRef = 25A627932513B92600313CD3 /* RowBackground.swift */; };
		25A627962513BB5000313CD3 /* CustomHeader.swift in Sources */ = {isa = PBXBuildFile; fileRef = 25A627952513BB5000313CD3 /* CustomHeader.swift */; };
		25AE49E1251A12C600D4CB55 /* CenterModifier.swift in Sources */ = {isa = PBXBuildFile; fileRef = 25AE49E0251A12C600D4CB55 /* CenterModifier.swift */; };
		25B52B4B251BBDEC00D7A94E /* AppDelegate.swift in Sources */ = {isa = PBXBuildFile; fileRef = 25B52B4A251BBDEC00D7A94E /* AppDelegate.swift */; };
		25B52B4D251BBDEC00D7A94E /* SceneDelegate.swift in Sources */ = {isa = PBXBuildFile; fileRef = 25B52B4C251BBDEC00D7A94E /* SceneDelegate.swift */; };
		25B52B4F251BBDEC00D7A94E /* ContentView.swift in Sources */ = {isa = PBXBuildFile; fileRef = 25B52B4E251BBDEC00D7A94E /* ContentView.swift */; };
		25B52B51251BBDF000D7A94E /* Assets.xcassets in Resources */ = {isa = PBXBuildFile; fileRef = 25B52B50251BBDF000D7A94E /* Assets.xcassets */; };
		25B52B54251BBDF000D7A94E /* Preview Assets.xcassets in Resources */ = {isa = PBXBuildFile; fileRef = 25B52B53251BBDF000D7A94E /* Preview Assets.xcassets */; };
		25B52B57251BBDF000D7A94E /* LaunchScreen.storyboard in Resources */ = {isa = PBXBuildFile; fileRef = 25B52B55251BBDF000D7A94E /* LaunchScreen.storyboard */; };
		25B52B5C251BBDF000D7A94E /* SnuYumAppClip.app in Embed App Clips */ = {isa = PBXBuildFile; fileRef = 25B52B48251BBDEC00D7A94E /* SnuYumAppClip.app */; settings = {ATTRIBUTES = (RemoveHeadersOnCopy, ); }; };
		25B52B63251BC29900D7A94E /* SNUCODownloader.swift in Sources */ = {isa = PBXBuildFile; fileRef = 250BBBEF24F3F92E00FC0C84 /* SNUCODownloader.swift */; };
		25B52B66251BC29B00D7A94E /* OurhomeStorage.swift in Sources */ = {isa = PBXBuildFile; fileRef = 25FF78002503B306006372C7 /* OurhomeStorage.swift */; };
		25B52B79251BC3B500D7A94E /* Menu+.swift in Sources */ = {isa = PBXBuildFile; fileRef = 259C58CA25165D0200310FA8 /* Menu+.swift */; };
		25B52B7C251BC3BA00D7A94E /* Cafe.swift in Sources */ = {isa = PBXBuildFile; fileRef = 25340D5E251395CC00E7FA7A /* Cafe.swift */; };
		25B52B7F251BC3C000D7A94E /* SimpleTime.swift in Sources */ = {isa = PBXBuildFile; fileRef = 259C58CC25165DD200310FA8 /* SimpleTime.swift */; };
		25B52B82251BC3C200D7A94E /* OperatingTime.swift in Sources */ = {isa = PBXBuildFile; fileRef = 250BBBEC24F3F92D00FC0C84 /* OperatingTime.swift */; };
		25B52B85251BC3C500D7A94E /* DailyProposer.swift in Sources */ = {isa = PBXBuildFile; fileRef = 250BBBEA24F3F92D00FC0C84 /* DailyProposer.swift */; };
		25B52B88251BC3D100D7A94E /* CafeInformation.swift in Sources */ = {isa = PBXBuildFile; fileRef = 25647B6E24F9FFC900E1C3F0 /* CafeInformation.swift */; };
		25B52BA3251BC47800D7A94E /* Cafeteria.swift in Sources */ = {isa = PBXBuildFile; fileRef = 250BBBEB24F3F92D00FC0C84 /* Cafeteria.swift */; };
		25C805072501144A00B7E4CC /* NanumMyeongjo.ttf in Resources */ = {isa = PBXBuildFile; fileRef = 25C805062501144900B7E4CC /* NanumMyeongjo.ttf */; };
		25C8050A2501171B00B7E4CC /* NanumBarunpenR.ttf in Resources */ = {isa = PBXBuildFile; fileRef = 25C805092501171B00B7E4CC /* NanumBarunpenR.ttf */; };
		25CDB5EA251BCA260041D0BD /* ThemeColor+.swift in Sources */ = {isa = PBXBuildFile; fileRef = 250BBBEE24F3F92D00FC0C84 /* ThemeColor+.swift */; };
		25CDB5ED251BCA870041D0BD /* AccentedText.swift in Sources */ = {isa = PBXBuildFile; fileRef = 2593233124FBB5F40036C148 /* AccentedText.swift */; };
		25CDB5F0251BCB2F0041D0BD /* RowBackground.swift in Sources */ = {isa = PBXBuildFile; fileRef = 25A627932513B92600313CD3 /* RowBackground.swift */; };
		25E005162524F3E0001C5783 /* WidgetKit.framework in Frameworks */ = {isa = PBXBuildFile; fileRef = 25E005152524F3E0001C5783 /* WidgetKit.framework */; };
		25E005172524F3E0001C5783 /* SwiftUI.framework in Frameworks */ = {isa = PBXBuildFile; fileRef = 250BBBFF24F3F9CD00FC0C84 /* SwiftUI.framework */; };
		25E0051A2524F3E0001C5783 /* SnuYumWidget.swift in Sources */ = {isa = PBXBuildFile; fileRef = 25E005192524F3E0001C5783 /* SnuYumWidget.swift */; };
		25E0051D2524F3E3001C5783 /* Assets.xcassets in Resources */ = {isa = PBXBuildFile; fileRef = 25E0051C2524F3E3001C5783 /* Assets.xcassets */; };
		25E0051F2524F3E3001C5783 /* SnuYumWidget.intentdefinition in Sources */ = {isa = PBXBuildFile; fileRef = 25E0051B2524F3E0001C5783 /* SnuYumWidget.intentdefinition */; };
		25E005232524F3E3001C5783 /* SnuYumWidgetExtension.appex in Embed App Extensions */ = {isa = PBXBuildFile; fileRef = 25E005142524F3E0001C5783 /* SnuYumWidgetExtension.appex */; settings = {ATTRIBUTES = (RemoveHeadersOnCopy, ); }; };
		25FF78012503B306006372C7 /* OurhomeStorage.swift in Sources */ = {isa = PBXBuildFile; fileRef = 25FF78002503B306006372C7 /* OurhomeStorage.swift */; };
		45FDEBEEAD788573810E1440 /* Pods_FoodLuxMea.framework in Frameworks */ = {isa = PBXBuildFile; fileRef = C328F85F4379125C618A080B /* Pods_FoodLuxMea.framework */; };
		50BED5E48D380118725073A3 /* Pods_SnuYumWidgetExtension.framework in Frameworks */ = {isa = PBXBuildFile; fileRef = 98E3C64578C47B1309E35E4C /* Pods_SnuYumWidgetExtension.framework */; };
		73CECF64634357750BA805AC /* Pods_SnuYumAppClip.framework in Frameworks */ = {isa = PBXBuildFile; fileRef = 9C1F91633F2CD4D0846F68FD /* Pods_SnuYumAppClip.framework */; };
		7B5B503111245B94D405E66A /* Pods_CafeNameExtension.framework in Frameworks */ = {isa = PBXBuildFile; fileRef = 8ED78D4EF53ED6E64CDAFE4E /* Pods_CafeNameExtension.framework */; };
/* End PBXBuildFile section */

/* Begin PBXContainerItemProxy section */
		25152E17252510F400BE63BF /* PBXContainerItemProxy */ = {
			isa = PBXContainerItemProxy;
			containerPortal = 250BBBC824F3F8F700FC0C84 /* Project object */;
			proxyType = 1;
			remoteGlobalIDString = 25152E00252510F400BE63BF;
			remoteInfo = CafeNameExtension;
		};
		25B52B5A251BBDF000D7A94E /* PBXContainerItemProxy */ = {
			isa = PBXContainerItemProxy;
			containerPortal = 250BBBC824F3F8F700FC0C84 /* Project object */;
			proxyType = 1;
			remoteGlobalIDString = 25B52B47251BBDEC00D7A94E;
			remoteInfo = SnuYumAppClip;
		};
		25E005212524F3E3001C5783 /* PBXContainerItemProxy */ = {
			isa = PBXContainerItemProxy;
			containerPortal = 250BBBC824F3F8F700FC0C84 /* Project object */;
			proxyType = 1;
			remoteGlobalIDString = 25E005132524F3E0001C5783;
			remoteInfo = SnuYumWidgetExtension;
		};
/* End PBXContainerItemProxy section */

/* Begin PBXCopyFilesBuildPhase section */
		250BBC0D24F3F9CF00FC0C84 /* Embed App Extensions */ = {
			isa = PBXCopyFilesBuildPhase;
			buildActionMask = 2147483647;
			dstPath = "";
			dstSubfolderSpec = 13;
			files = (
				25152E19252510F400BE63BF /* CafeNameExtension.appex in Embed App Extensions */,
				25E005232524F3E3001C5783 /* SnuYumWidgetExtension.appex in Embed App Extensions */,
			);
			name = "Embed App Extensions";
			runOnlyForDeploymentPostprocessing = 0;
		};
		25B52B5D251BBDF000D7A94E /* Embed App Clips */ = {
			isa = PBXCopyFilesBuildPhase;
			buildActionMask = 2147483647;
			dstPath = "$(CONTENTS_FOLDER_PATH)/AppClips";
			dstSubfolderSpec = 16;
			files = (
				25B52B5C251BBDF000D7A94E /* SnuYumAppClip.app in Embed App Clips */,
			);
			name = "Embed App Clips";
			runOnlyForDeploymentPostprocessing = 0;
		};
/* End PBXCopyFilesBuildPhase section */

/* Begin PBXFileReference section */
		2500739524F54A37009A32FA /* UserSetting.swift */ = {isa = PBXFileReference; lastKnownFileType = sourcecode.swift; path = UserSetting.swift; sourceTree = "<group>"; };
		2505882025267DF10018E3A8 /* SnuYumSmallWidgetEntryView.swift */ = {isa = PBXFileReference; lastKnownFileType = sourcecode.swift; path = SnuYumSmallWidgetEntryView.swift; sourceTree = "<group>"; };
		2505882E25267E250018E3A8 /* SnuYumMediumWidgetEntryView.swift */ = {isa = PBXFileReference; lastKnownFileType = sourcecode.swift; path = SnuYumMediumWidgetEntryView.swift; sourceTree = "<group>"; };
		250ADF5D251A8701008D83B8 /* AppStatus.swift */ = {isa = PBXFileReference; lastKnownFileType = sourcecode.swift; path = AppStatus.swift; sourceTree = "<group>"; };
		250BBBD024F3F8F700FC0C84 /* FoodLuxMea.app */ = {isa = PBXFileReference; explicitFileType = wrapper.application; includeInIndex = 0; path = FoodLuxMea.app; sourceTree = BUILT_PRODUCTS_DIR; };
		250BBBD924F3F8F900FC0C84 /* Assets.xcassets */ = {isa = PBXFileReference; lastKnownFileType = folder.assetcatalog; path = Assets.xcassets; sourceTree = "<group>"; };
		250BBBDC24F3F8F900FC0C84 /* Preview Assets.xcassets */ = {isa = PBXFileReference; lastKnownFileType = folder.assetcatalog; path = "Preview Assets.xcassets"; sourceTree = "<group>"; };
		250BBBDF24F3F8F900FC0C84 /* Base */ = {isa = PBXFileReference; lastKnownFileType = file.storyboard; name = Base; path = Base.lproj/LaunchScreen.storyboard; sourceTree = "<group>"; };
		250BBBE124F3F8F900FC0C84 /* Info.plist */ = {isa = PBXFileReference; lastKnownFileType = text.plist.xml; path = Info.plist; sourceTree = "<group>"; };
		250BBBE924F3F92D00FC0C84 /* CafeList.swift */ = {isa = PBXFileReference; fileEncoding = 4; lastKnownFileType = sourcecode.swift; path = CafeList.swift; sourceTree = "<group>"; };
		250BBBEA24F3F92D00FC0C84 /* DailyProposer.swift */ = {isa = PBXFileReference; fileEncoding = 4; lastKnownFileType = sourcecode.swift; path = DailyProposer.swift; sourceTree = "<group>"; };
		250BBBEB24F3F92D00FC0C84 /* Cafeteria.swift */ = {isa = PBXFileReference; fileEncoding = 4; lastKnownFileType = sourcecode.swift; path = Cafeteria.swift; sourceTree = "<group>"; };
		250BBBEC24F3F92D00FC0C84 /* OperatingTime.swift */ = {isa = PBXFileReference; fileEncoding = 4; lastKnownFileType = sourcecode.swift; path = OperatingTime.swift; sourceTree = "<group>"; usesTabs = 0; };
		250BBBEE24F3F92D00FC0C84 /* ThemeColor+.swift */ = {isa = PBXFileReference; fileEncoding = 4; lastKnownFileType = sourcecode.swift; path = "ThemeColor+.swift"; sourceTree = "<group>"; };
		250BBBEF24F3F92E00FC0C84 /* SNUCODownloader.swift */ = {isa = PBXFileReference; fileEncoding = 4; lastKnownFileType = sourcecode.swift; path = SNUCODownloader.swift; sourceTree = "<group>"; };
		250BBBFF24F3F9CD00FC0C84 /* SwiftUI.framework */ = {isa = PBXFileReference; lastKnownFileType = wrapper.framework; name = SwiftUI.framework; path = System/Library/Frameworks/SwiftUI.framework; sourceTree = SDKROOT; };
		250BBC1124F3FAC700FC0C84 /* AppDelegate.swift */ = {isa = PBXFileReference; fileEncoding = 4; lastKnownFileType = sourcecode.swift; path = AppDelegate.swift; sourceTree = "<group>"; };
		250BBC1224F3FAC700FC0C84 /* ListOrderSettingView.swift */ = {isa = PBXFileReference; fileEncoding = 4; lastKnownFileType = sourcecode.swift; path = ListOrderSettingView.swift; sourceTree = "<group>"; };
		250BBC1324F3FAC700FC0C84 /* NaverMapProvider.swift */ = {isa = PBXFileReference; fileEncoding = 4; lastKnownFileType = sourcecode.swift; path = NaverMapProvider.swift; sourceTree = "<group>"; };
		250BBC1524F3FAC700FC0C84 /* SettingView.swift */ = {isa = PBXFileReference; fileEncoding = 4; lastKnownFileType = sourcecode.swift; path = SettingView.swift; sourceTree = "<group>"; };
		250BBC1724F3FAC700FC0C84 /* CafeRow.swift */ = {isa = PBXFileReference; fileEncoding = 4; lastKnownFileType = sourcecode.swift; path = CafeRow.swift; sourceTree = "<group>"; };
		250BBC1824F3FAC700FC0C84 /* SearchBar.swift */ = {isa = PBXFileReference; fileEncoding = 4; lastKnownFileType = sourcecode.swift; path = SearchBar.swift; sourceTree = "<group>"; };
		250BBC1A24F3FAC700FC0C84 /* SceneDelegate.swift */ = {isa = PBXFileReference; fileEncoding = 4; lastKnownFileType = sourcecode.swift; path = SceneDelegate.swift; sourceTree = "<group>"; };
		250BBC1B24F3FAC700FC0C84 /* SectionText.swift */ = {isa = PBXFileReference; fileEncoding = 4; lastKnownFileType = sourcecode.swift; path = SectionText.swift; sourceTree = "<group>"; };
		250BBC1C24F3FAC800FC0C84 /* CafeView+.swift */ = {isa = PBXFileReference; fileEncoding = 4; lastKnownFileType = sourcecode.swift; path = "CafeView+.swift"; sourceTree = "<group>"; };
		250BBC1D24F3FAC800FC0C84 /* MealSelect.swift */ = {isa = PBXFileReference; fileEncoding = 4; lastKnownFileType = sourcecode.swift; path = MealSelect.swift; sourceTree = "<group>"; };
		25152E01252510F400BE63BF /* CafeNameExtension.appex */ = {isa = PBXFileReference; explicitFileType = "wrapper.app-extension"; includeInIndex = 0; path = CafeNameExtension.appex; sourceTree = BUILT_PRODUCTS_DIR; };
		25152E03252510F400BE63BF /* IntentHandler.swift */ = {isa = PBXFileReference; lastKnownFileType = sourcecode.swift; path = IntentHandler.swift; sourceTree = "<group>"; };
		25152E05252510F400BE63BF /* Info.plist */ = {isa = PBXFileReference; lastKnownFileType = text.plist.xml; path = Info.plist; sourceTree = "<group>"; };
		25152E0B252510F400BE63BF /* IntentsUI.framework */ = {isa = PBXFileReference; lastKnownFileType = wrapper.framework; name = IntentsUI.framework; path = System/Library/Frameworks/IntentsUI.framework; sourceTree = SDKROOT; };
		251E3526251E9B03003F017D /* Blur.swift */ = {isa = PBXFileReference; lastKnownFileType = sourcecode.swift; path = Blur.swift; sourceTree = "<group>"; };
		251E352A251E9B47003F017D /* CustomizedCorneredRadius.swift */ = {isa = PBXFileReference; lastKnownFileType = sourcecode.swift; path = CustomizedCorneredRadius.swift; sourceTree = "<group>"; };
		25235F8925271A0A00B83F27 /* WidgetSubtitle.swift */ = {isa = PBXFileReference; lastKnownFileType = sourcecode.swift; path = WidgetSubtitle.swift; sourceTree = "<group>"; };
		25235F9D25271A5700B83F27 /* WidgetTitle.swift */ = {isa = PBXFileReference; lastKnownFileType = sourcecode.swift; path = WidgetTitle.swift; sourceTree = "<group>"; };
		25235FBF25271B9000B83F27 /* WidgetAccent.swift */ = {isa = PBXFileReference; lastKnownFileType = sourcecode.swift; path = WidgetAccent.swift; sourceTree = "<group>"; };
		25235FC725271CD800B83F27 /* WidgetNormal.swift */ = {isa = PBXFileReference; lastKnownFileType = sourcecode.swift; path = WidgetNormal.swift; sourceTree = "<group>"; };
		252B96AB2517ADBC000475C6 /* .swiftlint.yml */ = {isa = PBXFileReference; lastKnownFileType = text.yaml; path = .swiftlint.yml; sourceTree = "<group>"; };
		25340D5E251395CC00E7FA7A /* Cafe.swift */ = {isa = PBXFileReference; lastKnownFileType = sourcecode.swift; path = Cafe.swift; sourceTree = "<group>"; };
		253637C4251C6334001038FD /* FoodLuxMea.entitlements */ = {isa = PBXFileReference; lastKnownFileType = text.plist.entitlements; path = FoodLuxMea.entitlements; sourceTree = "<group>"; };
		2541D05B252634BA00FD3504 /* WidgetCafeteria.swift */ = {isa = PBXFileReference; lastKnownFileType = sourcecode.swift; path = WidgetCafeteria.swift; sourceTree = "<group>"; };
		2541D0762526350100FD3504 /* WidgetProvider.swift */ = {isa = PBXFileReference; lastKnownFileType = sourcecode.swift; path = WidgetProvider.swift; sourceTree = "<group>"; };
		25478BE8251E967C00B4C3EA /* CafeMaterial.swift */ = {isa = PBXFileReference; lastKnownFileType = sourcecode.swift; path = CafeMaterial.swift; sourceTree = "<group>"; };
		25478C0B251E98AF00B4C3EA /* MealSection.swift */ = {isa = PBXFileReference; lastKnownFileType = sourcecode.swift; path = MealSection.swift; sourceTree = "<group>"; };
		2549427124F505730049F32E /* SimpleToggle.swift */ = {isa = PBXFileReference; lastKnownFileType = sourcecode.swift; path = SimpleToggle.swift; sourceTree = "<group>"; };
		255F312824FCE60700CB6487 /* AppTrackingTransparency.swift */ = {isa = PBXFileReference; lastKnownFileType = sourcecode.swift; path = AppTrackingTransparency.swift; sourceTree = "<group>"; };
		25647B6E24F9FFC900E1C3F0 /* CafeInformation.swift */ = {isa = PBXFileReference; lastKnownFileType = sourcecode.swift; path = CafeInformation.swift; sourceTree = "<group>"; };
		2589DF37251B37FC00813B51 /* ErasableRow.swift */ = {isa = PBXFileReference; lastKnownFileType = sourcecode.swift; path = ErasableRow.swift; sourceTree = "<group>"; };
		2591C73F25020F4E00704673 /* PrivateData.swift */ = {isa = PBXFileReference; lastKnownFileType = sourcecode.swift; path = PrivateData.swift; sourceTree = "<group>"; };
		2593232D24FAE76F0036C148 /* CafeTimerButton.swift */ = {isa = PBXFileReference; lastKnownFileType = sourcecode.swift; path = CafeTimerButton.swift; sourceTree = "<group>"; };
		2593232F24FAE8310036C148 /* CafeRowsFiltered.swift */ = {isa = PBXFileReference; lastKnownFileType = sourcecode.swift; path = CafeRowsFiltered.swift; sourceTree = "<group>"; };
		2593233124FBB5F40036C148 /* AccentedText.swift */ = {isa = PBXFileReference; lastKnownFileType = sourcecode.swift; path = AccentedText.swift; sourceTree = "<group>"; };
		2593233324FBBDF60036C148 /* MapView.swift */ = {isa = PBXFileReference; lastKnownFileType = sourcecode.swift; path = MapView.swift; sourceTree = "<group>"; };
		2593233524FBCE7C0036C148 /* AboutAppView.swift */ = {isa = PBXFileReference; lastKnownFileType = sourcecode.swift; path = AboutAppView.swift; sourceTree = "<group>"; };
		259B889424F68B6F001C710C /* GADBannerViewController.swift */ = {isa = PBXFileReference; lastKnownFileType = sourcecode.swift; path = GADBannerViewController.swift; sourceTree = "<group>"; };
		259C58CA25165D0200310FA8 /* Menu+.swift */ = {isa = PBXFileReference; lastKnownFileType = sourcecode.swift; path = "Menu+.swift"; sourceTree = "<group>"; };
		259C58CC25165DD200310FA8 /* SimpleTime.swift */ = {isa = PBXFileReference; lastKnownFileType = sourcecode.swift; path = SimpleTime.swift; sourceTree = "<group>"; };
		259F8D5724FA9088000F9A92 /* TimerCafeSettingView.swift */ = {isa = PBXFileReference; lastKnownFileType = sourcecode.swift; path = TimerCafeSettingView.swift; sourceTree = "<group>"; };
		25A0824924F3FDEC00593CB3 /* ContentView.swift */ = {isa = PBXFileReference; fileEncoding = 4; lastKnownFileType = sourcecode.swift; path = ContentView.swift; sourceTree = "<group>"; };
		25A627932513B92600313CD3 /* RowBackground.swift */ = {isa = PBXFileReference; lastKnownFileType = sourcecode.swift; path = RowBackground.swift; sourceTree = "<group>"; };
		25A627952513BB5000313CD3 /* CustomHeader.swift */ = {isa = PBXFileReference; lastKnownFileType = sourcecode.swift; path = CustomHeader.swift; sourceTree = "<group>"; };
		25AE49E0251A12C600D4CB55 /* CenterModifier.swift */ = {isa = PBXFileReference; lastKnownFileType = sourcecode.swift; path = CenterModifier.swift; sourceTree = "<group>"; };
		25B52B48251BBDEC00D7A94E /* SnuYumAppClip.app */ = {isa = PBXFileReference; explicitFileType = wrapper.application; includeInIndex = 0; path = SnuYumAppClip.app; sourceTree = BUILT_PRODUCTS_DIR; };
		25B52B4A251BBDEC00D7A94E /* AppDelegate.swift */ = {isa = PBXFileReference; lastKnownFileType = sourcecode.swift; path = AppDelegate.swift; sourceTree = "<group>"; };
		25B52B4C251BBDEC00D7A94E /* SceneDelegate.swift */ = {isa = PBXFileReference; lastKnownFileType = sourcecode.swift; path = SceneDelegate.swift; sourceTree = "<group>"; };
		25B52B4E251BBDEC00D7A94E /* ContentView.swift */ = {isa = PBXFileReference; lastKnownFileType = sourcecode.swift; path = ContentView.swift; sourceTree = "<group>"; };
		25B52B50251BBDF000D7A94E /* Assets.xcassets */ = {isa = PBXFileReference; lastKnownFileType = folder.assetcatalog; path = Assets.xcassets; sourceTree = "<group>"; };
		25B52B53251BBDF000D7A94E /* Preview Assets.xcassets */ = {isa = PBXFileReference; lastKnownFileType = folder.assetcatalog; path = "Preview Assets.xcassets"; sourceTree = "<group>"; };
		25B52B56251BBDF000D7A94E /* Base */ = {isa = PBXFileReference; lastKnownFileType = file.storyboard; name = Base; path = Base.lproj/LaunchScreen.storyboard; sourceTree = "<group>"; };
		25B52B58251BBDF000D7A94E /* Info.plist */ = {isa = PBXFileReference; lastKnownFileType = text.plist.xml; path = Info.plist; sourceTree = "<group>"; };
		25B52B59251BBDF000D7A94E /* SnuYumAppClip.entitlements */ = {isa = PBXFileReference; lastKnownFileType = text.plist.entitlements; path = SnuYumAppClip.entitlements; sourceTree = "<group>"; };
		25C805062501144900B7E4CC /* NanumMyeongjo.ttf */ = {isa = PBXFileReference; lastKnownFileType = file; path = NanumMyeongjo.ttf; sourceTree = "<group>"; };
		25C80508250114BA00B7E4CC /* ko */ = {isa = PBXFileReference; lastKnownFileType = text.plist.strings; name = ko; path = ko.lproj/LaunchScreen.strings; sourceTree = "<group>"; };
		25C805092501171B00B7E4CC /* NanumBarunpenR.ttf */ = {isa = PBXFileReference; lastKnownFileType = file; path = NanumBarunpenR.ttf; sourceTree = "<group>"; };
		25E005142524F3E0001C5783 /* SnuYumWidgetExtension.appex */ = {isa = PBXFileReference; explicitFileType = "wrapper.app-extension"; includeInIndex = 0; path = SnuYumWidgetExtension.appex; sourceTree = BUILT_PRODUCTS_DIR; };
		25E005152524F3E0001C5783 /* WidgetKit.framework */ = {isa = PBXFileReference; lastKnownFileType = wrapper.framework; name = WidgetKit.framework; path = System/Library/Frameworks/WidgetKit.framework; sourceTree = SDKROOT; };
		25E005192524F3E0001C5783 /* SnuYumWidget.swift */ = {isa = PBXFileReference; lastKnownFileType = sourcecode.swift; path = SnuYumWidget.swift; sourceTree = "<group>"; };
		25E0051B2524F3E0001C5783 /* SnuYumWidget.intentdefinition */ = {isa = PBXFileReference; lastKnownFileType = file.intentdefinition; path = SnuYumWidget.intentdefinition; sourceTree = "<group>"; };
		25E0051C2524F3E3001C5783 /* Assets.xcassets */ = {isa = PBXFileReference; lastKnownFileType = folder.assetcatalog; path = Assets.xcassets; sourceTree = "<group>"; };
		25E0051E2524F3E3001C5783 /* Info.plist */ = {isa = PBXFileReference; lastKnownFileType = text.plist.xml; path = Info.plist; sourceTree = "<group>"; };
		25FF78002503B306006372C7 /* OurhomeStorage.swift */ = {isa = PBXFileReference; lastKnownFileType = sourcecode.swift; path = OurhomeStorage.swift; sourceTree = "<group>"; };
		310C5DBECE846D213FE582A9 /* Pods-SnuYumAppClip.release.xcconfig */ = {isa = PBXFileReference; includeInIndex = 1; lastKnownFileType = text.xcconfig; name = "Pods-SnuYumAppClip.release.xcconfig"; path = "Target Support Files/Pods-SnuYumAppClip/Pods-SnuYumAppClip.release.xcconfig"; sourceTree = "<group>"; };
		762B0F8D7CD7CD0F9A19C2A1 /* Pods-FoodLuxMea.release.xcconfig */ = {isa = PBXFileReference; includeInIndex = 1; lastKnownFileType = text.xcconfig; name = "Pods-FoodLuxMea.release.xcconfig"; path = "Target Support Files/Pods-FoodLuxMea/Pods-FoodLuxMea.release.xcconfig"; sourceTree = "<group>"; };
		881A4172E46BE98B69CB8ABE /* Pods-SnuYumWidgetExtension.debug.xcconfig */ = {isa = PBXFileReference; includeInIndex = 1; lastKnownFileType = text.xcconfig; name = "Pods-SnuYumWidgetExtension.debug.xcconfig"; path = "Target Support Files/Pods-SnuYumWidgetExtension/Pods-SnuYumWidgetExtension.debug.xcconfig"; sourceTree = "<group>"; };
		8ED78D4EF53ED6E64CDAFE4E /* Pods_CafeNameExtension.framework */ = {isa = PBXFileReference; explicitFileType = wrapper.framework; includeInIndex = 0; path = Pods_CafeNameExtension.framework; sourceTree = BUILT_PRODUCTS_DIR; };
		98E3C64578C47B1309E35E4C /* Pods_SnuYumWidgetExtension.framework */ = {isa = PBXFileReference; explicitFileType = wrapper.framework; includeInIndex = 0; path = Pods_SnuYumWidgetExtension.framework; sourceTree = BUILT_PRODUCTS_DIR; };
		9C1F91633F2CD4D0846F68FD /* Pods_SnuYumAppClip.framework */ = {isa = PBXFileReference; explicitFileType = wrapper.framework; includeInIndex = 0; path = Pods_SnuYumAppClip.framework; sourceTree = BUILT_PRODUCTS_DIR; };
		9E4038A0D0F16B58B5C86E40 /* Pods-FoodLuxMea.debug.xcconfig */ = {isa = PBXFileReference; includeInIndex = 1; lastKnownFileType = text.xcconfig; name = "Pods-FoodLuxMea.debug.xcconfig"; path = "Target Support Files/Pods-FoodLuxMea/Pods-FoodLuxMea.debug.xcconfig"; sourceTree = "<group>"; };
		A0D2A8F474D1792F9AD655FF /* Pods-CafeNameExtension.release.xcconfig */ = {isa = PBXFileReference; includeInIndex = 1; lastKnownFileType = text.xcconfig; name = "Pods-CafeNameExtension.release.xcconfig"; path = "Target Support Files/Pods-CafeNameExtension/Pods-CafeNameExtension.release.xcconfig"; sourceTree = "<group>"; };
		C328F85F4379125C618A080B /* Pods_FoodLuxMea.framework */ = {isa = PBXFileReference; explicitFileType = wrapper.framework; includeInIndex = 0; path = Pods_FoodLuxMea.framework; sourceTree = BUILT_PRODUCTS_DIR; };
		DB5B5265F15C2DFC89A94E85 /* Pods-SnuYumAppClip.debug.xcconfig */ = {isa = PBXFileReference; includeInIndex = 1; lastKnownFileType = text.xcconfig; name = "Pods-SnuYumAppClip.debug.xcconfig"; path = "Target Support Files/Pods-SnuYumAppClip/Pods-SnuYumAppClip.debug.xcconfig"; sourceTree = "<group>"; };
		EEC5F4D21114D37B98BB3B39 /* Pods-SnuYumWidgetExtension.release.xcconfig */ = {isa = PBXFileReference; includeInIndex = 1; lastKnownFileType = text.xcconfig; name = "Pods-SnuYumWidgetExtension.release.xcconfig"; path = "Target Support Files/Pods-SnuYumWidgetExtension/Pods-SnuYumWidgetExtension.release.xcconfig"; sourceTree = "<group>"; };
		F6B35D6387E44C5AF339D0C6 /* Pods-CafeNameExtension.debug.xcconfig */ = {isa = PBXFileReference; includeInIndex = 1; lastKnownFileType = text.xcconfig; name = "Pods-CafeNameExtension.debug.xcconfig"; path = "Target Support Files/Pods-CafeNameExtension/Pods-CafeNameExtension.debug.xcconfig"; sourceTree = "<group>"; };
/* End PBXFileReference section */

/* Begin PBXFrameworksBuildPhase section */
		250BBBCD24F3F8F700FC0C84 /* Frameworks */ = {
			isa = PBXFrameworksBuildPhase;
			buildActionMask = 2147483647;
			files = (
				45FDEBEEAD788573810E1440 /* Pods_FoodLuxMea.framework in Frameworks */,
			);
			runOnlyForDeploymentPostprocessing = 0;
		};
		25152DFE252510F400BE63BF /* Frameworks */ = {
			isa = PBXFrameworksBuildPhase;
			buildActionMask = 2147483647;
			files = (
				7B5B503111245B94D405E66A /* Pods_CafeNameExtension.framework in Frameworks */,
			);
			runOnlyForDeploymentPostprocessing = 0;
		};
		25B52B45251BBDEC00D7A94E /* Frameworks */ = {
			isa = PBXFrameworksBuildPhase;
			buildActionMask = 2147483647;
			files = (
				73CECF64634357750BA805AC /* Pods_SnuYumAppClip.framework in Frameworks */,
			);
			runOnlyForDeploymentPostprocessing = 0;
		};
		25E005112524F3E0001C5783 /* Frameworks */ = {
			isa = PBXFrameworksBuildPhase;
			buildActionMask = 2147483647;
			files = (
				25E005172524F3E0001C5783 /* SwiftUI.framework in Frameworks */,
				25E005162524F3E0001C5783 /* WidgetKit.framework in Frameworks */,
				50BED5E48D380118725073A3 /* Pods_SnuYumWidgetExtension.framework in Frameworks */,
			);
			runOnlyForDeploymentPostprocessing = 0;
		};
/* End PBXFrameworksBuildPhase section */

/* Begin PBXGroup section */
		2505881F25267DDD0018E3A8 /* View */ = {
			isa = PBXGroup;
			children = (
				2505882025267DF10018E3A8 /* SnuYumSmallWidgetEntryView.swift */,
				2505882E25267E250018E3A8 /* SnuYumMediumWidgetEntryView.swift */,
			);
			path = View;
			sourceTree = "<group>";
		};
		2505885F25267F1D0018E3A8 /* Provider */ = {
			isa = PBXGroup;
			children = (
				2541D0762526350100FD3504 /* WidgetProvider.swift */,
				25E0051B2524F3E0001C5783 /* SnuYumWidget.intentdefinition */,
			);
			path = Provider;
			sourceTree = "<group>";
		};
		250BBBC724F3F8F700FC0C84 = {
			isa = PBXGroup;
			children = (
				252B96AB2517ADBC000475C6 /* .swiftlint.yml */,
				250BBBD224F3F8F700FC0C84 /* FoodLuxMea */,
				25B52B49251BBDEC00D7A94E /* SnuYumAppClip */,
				25E005182524F3E0001C5783 /* SnuYumWidget */,
				25152E02252510F400BE63BF /* CafeNameExtension */,
				250BBBFC24F3F9CD00FC0C84 /* Frameworks */,
				8AA4CDD938B269F0A7BB912D /* Pods */,
				250BBBD124F3F8F700FC0C84 /* Products */,
			);
			sourceTree = "<group>";
		};
		250BBBD124F3F8F700FC0C84 /* Products */ = {
			isa = PBXGroup;
			children = (
				250BBBD024F3F8F700FC0C84 /* FoodLuxMea.app */,
				25B52B48251BBDEC00D7A94E /* SnuYumAppClip.app */,
				25E005142524F3E0001C5783 /* SnuYumWidgetExtension.appex */,
				25152E01252510F400BE63BF /* CafeNameExtension.appex */,
			);
			name = Products;
			sourceTree = "<group>";
		};
		250BBBD224F3F8F700FC0C84 /* FoodLuxMea */ = {
			isa = PBXGroup;
			children = (
				250BBC1124F3FAC700FC0C84 /* AppDelegate.swift */,
				250BBC1A24F3FAC700FC0C84 /* SceneDelegate.swift */,
				25BF46AC24F40C8800CC2355 /* Models */,
				25DD96D724FECBC100E5A4B3 /* MainView */,
				25DD96D824FECBF100E5A4B3 /* CafeView */,
				25DD96D924FECC1800E5A4B3 /* SettingView */,
				2510CEDB24FF6386007ACE79 /* Resources */,
				25340D65251396F200E7FA7A /* App Design */,
				250BBBDB24F3F8F900FC0C84 /* Preview Content */,
				250BBBD924F3F8F900FC0C84 /* Assets.xcassets */,
				253637C4251C6334001038FD /* FoodLuxMea.entitlements */,
				250BBBE124F3F8F900FC0C84 /* Info.plist */,
				250BBBDE24F3F8F900FC0C84 /* LaunchScreen.storyboard */,
			);
			path = FoodLuxMea;
			sourceTree = "<group>";
		};
		250BBBDB24F3F8F900FC0C84 /* Preview Content */ = {
			isa = PBXGroup;
			children = (
				250BBBDC24F3F8F900FC0C84 /* Preview Assets.xcassets */,
			);
			path = "Preview Content";
			sourceTree = "<group>";
		};
		250BBBFC24F3F9CD00FC0C84 /* Frameworks */ = {
			isa = PBXGroup;
			children = (
				250BBBFF24F3F9CD00FC0C84 /* SwiftUI.framework */,
				25E005152524F3E0001C5783 /* WidgetKit.framework */,
				25152E0B252510F400BE63BF /* IntentsUI.framework */,
				8ED78D4EF53ED6E64CDAFE4E /* Pods_CafeNameExtension.framework */,
				C328F85F4379125C618A080B /* Pods_FoodLuxMea.framework */,
				9C1F91633F2CD4D0846F68FD /* Pods_SnuYumAppClip.framework */,
				98E3C64578C47B1309E35E4C /* Pods_SnuYumWidgetExtension.framework */,
			);
			name = Frameworks;
			sourceTree = "<group>";
		};
		2510CEDB24FF6386007ACE79 /* Resources */ = {
			isa = PBXGroup;
			children = (
				25647B6E24F9FFC900E1C3F0 /* CafeInformation.swift */,
				2591C73F25020F4E00704673 /* PrivateData.swift */,
			);
			path = Resources;
			sourceTree = "<group>";
		};
		25152E02252510F400BE63BF /* CafeNameExtension */ = {
			isa = PBXGroup;
			children = (
				25152E03252510F400BE63BF /* IntentHandler.swift */,
				25152E05252510F400BE63BF /* Info.plist */,
			);
			path = CafeNameExtension;
			sourceTree = "<group>";
		};
		25235F882527196D00B83F27 /* Theme */ = {
			isa = PBXGroup;
			children = (
				25235F8925271A0A00B83F27 /* WidgetSubtitle.swift */,
				25235F9D25271A5700B83F27 /* WidgetTitle.swift */,
				25235FBF25271B9000B83F27 /* WidgetAccent.swift */,
				25235FC725271CD800B83F27 /* WidgetNormal.swift */,
			);
			path = Theme;
			sourceTree = "<group>";
		};
		25340D63251396B900E7FA7A /* Supporting Views */ = {
			isa = PBXGroup;
			children = (
				250BBC1824F3FAC700FC0C84 /* SearchBar.swift */,
				250BBC1D24F3FAC800FC0C84 /* MealSelect.swift */,
				250BBC1724F3FAC700FC0C84 /* CafeRow.swift */,
				2593232D24FAE76F0036C148 /* CafeTimerButton.swift */,
			);
			path = "Supporting Views";
			sourceTree = "<group>";
		};
		25340D64251396D000E7FA7A /* Model Components */ = {
			isa = PBXGroup;
			children = (
				259C58CA25165D0200310FA8 /* Menu+.swift */,
				25340D5E251395CC00E7FA7A /* Cafe.swift */,
				25478BE8251E967C00B4C3EA /* CafeMaterial.swift */,
				259C58CC25165DD200310FA8 /* SimpleTime.swift */,
				250BBBEC24F3F92D00FC0C84 /* OperatingTime.swift */,
			);
			path = "Model Components";
			sourceTree = "<group>";
		};
		25340D65251396F200E7FA7A /* App Design */ = {
			isa = PBXGroup;
			children = (
				25A627922513B8DC00313CD3 /* Fonts */,
				250BBBEE24F3F92D00FC0C84 /* ThemeColor+.swift */,
				2593233124FBB5F40036C148 /* AccentedText.swift */,
				250BBC1B24F3FAC700FC0C84 /* SectionText.swift */,
				25A627932513B92600313CD3 /* RowBackground.swift */,
				25A627952513BB5000313CD3 /* CustomHeader.swift */,
				251E3526251E9B03003F017D /* Blur.swift */,
				2549427124F505730049F32E /* SimpleToggle.swift */,
				25AE49E0251A12C600D4CB55 /* CenterModifier.swift */,
				251E352A251E9B47003F017D /* CustomizedCorneredRadius.swift */,
			);
			path = "App Design";
			sourceTree = "<group>";
		};
		2541D05A252634A700FD3504 /* Model */ = {
			isa = PBXGroup;
			children = (
				2541D05B252634BA00FD3504 /* WidgetCafeteria.swift */,
			);
			path = Model;
			sourceTree = "<group>";
		};
		25478C0A251E988C00B4C3EA /* Supporting Views */ = {
			isa = PBXGroup;
			children = (
				250BBC1324F3FAC700FC0C84 /* NaverMapProvider.swift */,
				2593233324FBBDF60036C148 /* MapView.swift */,
				25478C0B251E98AF00B4C3EA /* MealSection.swift */,
			);
			path = "Supporting Views";
			sourceTree = "<group>";
		};
		25478C11251E98DC00B4C3EA /* Supporting Views */ = {
			isa = PBXGroup;
			children = (
				2593233524FBCE7C0036C148 /* AboutAppView.swift */,
				259F8D5724FA9088000F9A92 /* TimerCafeSettingView.swift */,
				250BBC1224F3FAC700FC0C84 /* ListOrderSettingView.swift */,
			);
			path = "Supporting Views";
			sourceTree = "<group>";
		};
		25A627922513B8DC00313CD3 /* Fonts */ = {
			isa = PBXGroup;
			children = (
				25C805092501171B00B7E4CC /* NanumBarunpenR.ttf */,
				25C805062501144900B7E4CC /* NanumMyeongjo.ttf */,
			);
			path = Fonts;
			sourceTree = "<group>";
		};
		25B52B49251BBDEC00D7A94E /* SnuYumAppClip */ = {
			isa = PBXGroup;
			children = (
				25B52B4A251BBDEC00D7A94E /* AppDelegate.swift */,
				25B52B4C251BBDEC00D7A94E /* SceneDelegate.swift */,
				25B52B4E251BBDEC00D7A94E /* ContentView.swift */,
				25B52B50251BBDF000D7A94E /* Assets.xcassets */,
				25B52B55251BBDF000D7A94E /* LaunchScreen.storyboard */,
				25B52B58251BBDF000D7A94E /* Info.plist */,
				25B52B59251BBDF000D7A94E /* SnuYumAppClip.entitlements */,
				25B52B52251BBDF000D7A94E /* Preview Content */,
			);
			path = SnuYumAppClip;
			sourceTree = "<group>";
		};
		25B52B52251BBDF000D7A94E /* Preview Content */ = {
			isa = PBXGroup;
			children = (
				25B52B53251BBDF000D7A94E /* Preview Assets.xcassets */,
			);
			path = "Preview Content";
			sourceTree = "<group>";
		};
		25BF46AC24F40C8800CC2355 /* Models */ = {
			isa = PBXGroup;
			children = (
				250BBBEF24F3F92E00FC0C84 /* SNUCODownloader.swift */,
				25FF78002503B306006372C7 /* OurhomeStorage.swift */,
				250BBBEB24F3F92D00FC0C84 /* Cafeteria.swift */,
				2500739524F54A37009A32FA /* UserSetting.swift */,
				250BBBEA24F3F92D00FC0C84 /* DailyProposer.swift */,
				250BBBE924F3F92D00FC0C84 /* CafeList.swift */,
				250ADF5D251A8701008D83B8 /* AppStatus.swift */,
				25340D64251396D000E7FA7A /* Model Components */,
			);
			path = Models;
			sourceTree = "<group>";
		};
		25BF46AE24F40CB700CC2355 /* Admob */ = {
			isa = PBXGroup;
			children = (
				259B889424F68B6F001C710C /* GADBannerViewController.swift */,
				255F312824FCE60700CB6487 /* AppTrackingTransparency.swift */,
			);
			path = Admob;
			sourceTree = "<group>";
		};
		25DD96D724FECBC100E5A4B3 /* MainView */ = {
			isa = PBXGroup;
			children = (
				25A0824924F3FDEC00593CB3 /* ContentView.swift */,
				2593232F24FAE8310036C148 /* CafeRowsFiltered.swift */,
				2589DF37251B37FC00813B51 /* ErasableRow.swift */,
				25340D63251396B900E7FA7A /* Supporting Views */,
				25BF46AE24F40CB700CC2355 /* Admob */,
			);
			path = MainView;
			sourceTree = "<group>";
		};
		25DD96D824FECBF100E5A4B3 /* CafeView */ = {
			isa = PBXGroup;
			children = (
				250BBC1C24F3FAC800FC0C84 /* CafeView+.swift */,
				25478C0A251E988C00B4C3EA /* Supporting Views */,
			);
			path = CafeView;
			sourceTree = "<group>";
		};
		25DD96D924FECC1800E5A4B3 /* SettingView */ = {
			isa = PBXGroup;
			children = (
				250BBC1524F3FAC700FC0C84 /* SettingView.swift */,
				25478C11251E98DC00B4C3EA /* Supporting Views */,
			);
			path = SettingView;
			sourceTree = "<group>";
		};
		25E005182524F3E0001C5783 /* SnuYumWidget */ = {
			isa = PBXGroup;
			children = (
				25235F882527196D00B83F27 /* Theme */,
				2505885F25267F1D0018E3A8 /* Provider */,
				2505881F25267DDD0018E3A8 /* View */,
				2541D05A252634A700FD3504 /* Model */,
				25E005192524F3E0001C5783 /* SnuYumWidget.swift */,
				25E0051C2524F3E3001C5783 /* Assets.xcassets */,
				25E0051E2524F3E3001C5783 /* Info.plist */,
			);
			path = SnuYumWidget;
			sourceTree = "<group>";
		};
		8AA4CDD938B269F0A7BB912D /* Pods */ = {
			isa = PBXGroup;
			children = (
				F6B35D6387E44C5AF339D0C6 /* Pods-CafeNameExtension.debug.xcconfig */,
				A0D2A8F474D1792F9AD655FF /* Pods-CafeNameExtension.release.xcconfig */,
				9E4038A0D0F16B58B5C86E40 /* Pods-FoodLuxMea.debug.xcconfig */,
				762B0F8D7CD7CD0F9A19C2A1 /* Pods-FoodLuxMea.release.xcconfig */,
				DB5B5265F15C2DFC89A94E85 /* Pods-SnuYumAppClip.debug.xcconfig */,
				310C5DBECE846D213FE582A9 /* Pods-SnuYumAppClip.release.xcconfig */,
				881A4172E46BE98B69CB8ABE /* Pods-SnuYumWidgetExtension.debug.xcconfig */,
				EEC5F4D21114D37B98BB3B39 /* Pods-SnuYumWidgetExtension.release.xcconfig */,
			);
			path = Pods;
			sourceTree = "<group>";
		};
/* End PBXGroup section */

/* Begin PBXNativeTarget section */
		250BBBCF24F3F8F700FC0C84 /* FoodLuxMea */ = {
			isa = PBXNativeTarget;
			buildConfigurationList = 250BBBE424F3F8F900FC0C84 /* Build configuration list for PBXNativeTarget "FoodLuxMea" */;
			buildPhases = (
				7C4167D4F691C072DDA367FF /* [CP] Check Pods Manifest.lock */,
				250BBBCC24F3F8F700FC0C84 /* Sources */,
				250BBBCD24F3F8F700FC0C84 /* Frameworks */,
				250BBBCE24F3F8F700FC0C84 /* Resources */,
				250BBC0D24F3F9CF00FC0C84 /* Embed App Extensions */,
				252B96A92517AD02000475C6 /* ShellScript */,
				25B52B5D251BBDF000D7A94E /* Embed App Clips */,
				750BAA31CC3D22A8FC9AEC3B /* [CP] Embed Pods Frameworks */,
			);
			buildRules = (
			);
			dependencies = (
				25B52B5B251BBDF000D7A94E /* PBXTargetDependency */,
				25E005222524F3E3001C5783 /* PBXTargetDependency */,
				25152E18252510F400BE63BF /* PBXTargetDependency */,
			);
			name = FoodLuxMea;
			productName = FoodLuxMea;
			productReference = 250BBBD024F3F8F700FC0C84 /* FoodLuxMea.app */;
			productType = "com.apple.product-type.application";
		};
		25152E00252510F400BE63BF /* CafeNameExtension */ = {
			isa = PBXNativeTarget;
			buildConfigurationList = 25152E1D252510F400BE63BF /* Build configuration list for PBXNativeTarget "CafeNameExtension" */;
			buildPhases = (
				470D823BD4582DFF81BE9322 /* [CP] Check Pods Manifest.lock */,
				25152DFD252510F400BE63BF /* Sources */,
				25152DFE252510F400BE63BF /* Frameworks */,
				25152DFF252510F400BE63BF /* Resources */,
			);
			buildRules = (
			);
			dependencies = (
			);
			name = CafeNameExtension;
			productName = CafeNameExtension;
			productReference = 25152E01252510F400BE63BF /* CafeNameExtension.appex */;
			productType = "com.apple.product-type.app-extension";
		};
		25B52B47251BBDEC00D7A94E /* SnuYumAppClip */ = {
			isa = PBXNativeTarget;
			buildConfigurationList = 25B52B60251BBDF000D7A94E /* Build configuration list for PBXNativeTarget "SnuYumAppClip" */;
			buildPhases = (
				2956ACF6536A0A32F0A2A560 /* [CP] Check Pods Manifest.lock */,
				25B52B44251BBDEC00D7A94E /* Sources */,
				25B52B45251BBDEC00D7A94E /* Frameworks */,
				25B52B46251BBDEC00D7A94E /* Resources */,
			);
			buildRules = (
			);
			dependencies = (
			);
			name = SnuYumAppClip;
			productName = SnuYumAppClip;
			productReference = 25B52B48251BBDEC00D7A94E /* SnuYumAppClip.app */;
			productType = "com.apple.product-type.application.on-demand-install-capable";
		};
		25E005132524F3E0001C5783 /* SnuYumWidgetExtension */ = {
			isa = PBXNativeTarget;
			buildConfigurationList = 25E005262524F3E3001C5783 /* Build configuration list for PBXNativeTarget "SnuYumWidgetExtension" */;
			buildPhases = (
				41568A8DDABA3C1779E632B2 /* [CP] Check Pods Manifest.lock */,
				25E005102524F3E0001C5783 /* Sources */,
				25E005112524F3E0001C5783 /* Frameworks */,
				25E005122524F3E0001C5783 /* Resources */,
			);
			buildRules = (
			);
			dependencies = (
			);
			name = SnuYumWidgetExtension;
			productName = SnuYumWidgetExtension;
			productReference = 25E005142524F3E0001C5783 /* SnuYumWidgetExtension.appex */;
			productType = "com.apple.product-type.app-extension";
		};
/* End PBXNativeTarget section */

/* Begin PBXProject section */
		250BBBC824F3F8F700FC0C84 /* Project object */ = {
			isa = PBXProject;
			attributes = {
				LastSwiftUpdateCheck = 1200;
				LastUpgradeCheck = 1200;
				TargetAttributes = {
					250BBBCF24F3F8F700FC0C84 = {
						CreatedOnToolsVersion = 12.0;
					};
					25152E00252510F400BE63BF = {
						CreatedOnToolsVersion = 12.0;
					};
					25B52B47251BBDEC00D7A94E = {
						CreatedOnToolsVersion = 12.2;
					};
					25E005132524F3E0001C5783 = {
						CreatedOnToolsVersion = 12.0;
					};
				};
			};
			buildConfigurationList = 250BBBCB24F3F8F700FC0C84 /* Build configuration list for PBXProject "FoodLuxMea" */;
			compatibilityVersion = "Xcode 9.3";
			developmentRegion = ko;
			hasScannedForEncodings = 0;
			knownRegions = (
				en,
				Base,
				ko,
			);
			mainGroup = 250BBBC724F3F8F700FC0C84;
			productRefGroup = 250BBBD124F3F8F700FC0C84 /* Products */;
			projectDirPath = "";
			projectRoot = "";
			targets = (
				250BBBCF24F3F8F700FC0C84 /* FoodLuxMea */,
				25B52B47251BBDEC00D7A94E /* SnuYumAppClip */,
				25E005132524F3E0001C5783 /* SnuYumWidgetExtension */,
				25152E00252510F400BE63BF /* CafeNameExtension */,
			);
		};
/* End PBXProject section */

/* Begin PBXResourcesBuildPhase section */
		250BBBCE24F3F8F700FC0C84 /* Resources */ = {
			isa = PBXResourcesBuildPhase;
			buildActionMask = 2147483647;
			files = (
				252B96AC2517ADBC000475C6 /* .swiftlint.yml in Resources */,
				25C805072501144A00B7E4CC /* NanumMyeongjo.ttf in Resources */,
				250BBBE024F3F8F900FC0C84 /* LaunchScreen.storyboard in Resources */,
				250BBBDD24F3F8F900FC0C84 /* Preview Assets.xcassets in Resources */,
				25C8050A2501171B00B7E4CC /* NanumBarunpenR.ttf in Resources */,
				250BBBDA24F3F8F900FC0C84 /* Assets.xcassets in Resources */,
			);
			runOnlyForDeploymentPostprocessing = 0;
		};
		25152DFF252510F400BE63BF /* Resources */ = {
			isa = PBXResourcesBuildPhase;
			buildActionMask = 2147483647;
			files = (
			);
			runOnlyForDeploymentPostprocessing = 0;
		};
		25B52B46251BBDEC00D7A94E /* Resources */ = {
			isa = PBXResourcesBuildPhase;
			buildActionMask = 2147483647;
			files = (
				25B52B57251BBDF000D7A94E /* LaunchScreen.storyboard in Resources */,
				25B52B54251BBDF000D7A94E /* Preview Assets.xcassets in Resources */,
				25B52B51251BBDF000D7A94E /* Assets.xcassets in Resources */,
			);
			runOnlyForDeploymentPostprocessing = 0;
		};
		25E005122524F3E0001C5783 /* Resources */ = {
			isa = PBXResourcesBuildPhase;
			buildActionMask = 2147483647;
			files = (
				25E0051D2524F3E3001C5783 /* Assets.xcassets in Resources */,
			);
			runOnlyForDeploymentPostprocessing = 0;
		};
/* End PBXResourcesBuildPhase section */

/* Begin PBXShellScriptBuildPhase section */
		252B96A92517AD02000475C6 /* ShellScript */ = {
			isa = PBXShellScriptBuildPhase;
			buildActionMask = 2147483647;
			files = (
			);
			inputFileListPaths = (
			);
			inputPaths = (
			);
			outputFileListPaths = (
			);
			outputPaths = (
			);
			runOnlyForDeploymentPostprocessing = 0;
			shellPath = /bin/sh;
			shellScript = "# Type a script or drag a script file from your workspace to insert its path.\n${PODS_ROOT}/SwiftLint/swiftlint\n";
		};
		2956ACF6536A0A32F0A2A560 /* [CP] Check Pods Manifest.lock */ = {
			isa = PBXShellScriptBuildPhase;
			buildActionMask = 2147483647;
			files = (
			);
			inputFileListPaths = (
			);
			inputPaths = (
				"${PODS_PODFILE_DIR_PATH}/Podfile.lock",
				"${PODS_ROOT}/Manifest.lock",
			);
			name = "[CP] Check Pods Manifest.lock";
			outputFileListPaths = (
			);
			outputPaths = (
				"$(DERIVED_FILE_DIR)/Pods-SnuYumAppClip-checkManifestLockResult.txt",
			);
			runOnlyForDeploymentPostprocessing = 0;
			shellPath = /bin/sh;
			shellScript = "diff \"${PODS_PODFILE_DIR_PATH}/Podfile.lock\" \"${PODS_ROOT}/Manifest.lock\" > /dev/null\nif [ $? != 0 ] ; then\n    # print error to STDERR\n    echo \"error: The sandbox is not in sync with the Podfile.lock. Run 'pod install' or update your CocoaPods installation.\" >&2\n    exit 1\nfi\n# This output is used by Xcode 'outputs' to avoid re-running this script phase.\necho \"SUCCESS\" > \"${SCRIPT_OUTPUT_FILE_0}\"\n";
			showEnvVarsInLog = 0;
		};
		41568A8DDABA3C1779E632B2 /* [CP] Check Pods Manifest.lock */ = {
			isa = PBXShellScriptBuildPhase;
			buildActionMask = 2147483647;
			files = (
			);
			inputFileListPaths = (
			);
			inputPaths = (
				"${PODS_PODFILE_DIR_PATH}/Podfile.lock",
				"${PODS_ROOT}/Manifest.lock",
			);
			name = "[CP] Check Pods Manifest.lock";
			outputFileListPaths = (
			);
			outputPaths = (
				"$(DERIVED_FILE_DIR)/Pods-SnuYumWidgetExtension-checkManifestLockResult.txt",
			);
			runOnlyForDeploymentPostprocessing = 0;
			shellPath = /bin/sh;
			shellScript = "diff \"${PODS_PODFILE_DIR_PATH}/Podfile.lock\" \"${PODS_ROOT}/Manifest.lock\" > /dev/null\nif [ $? != 0 ] ; then\n    # print error to STDERR\n    echo \"error: The sandbox is not in sync with the Podfile.lock. Run 'pod install' or update your CocoaPods installation.\" >&2\n    exit 1\nfi\n# This output is used by Xcode 'outputs' to avoid re-running this script phase.\necho \"SUCCESS\" > \"${SCRIPT_OUTPUT_FILE_0}\"\n";
			showEnvVarsInLog = 0;
		};
		470D823BD4582DFF81BE9322 /* [CP] Check Pods Manifest.lock */ = {
			isa = PBXShellScriptBuildPhase;
			buildActionMask = 2147483647;
			files = (
			);
			inputFileListPaths = (
			);
			inputPaths = (
				"${PODS_PODFILE_DIR_PATH}/Podfile.lock",
				"${PODS_ROOT}/Manifest.lock",
			);
			name = "[CP] Check Pods Manifest.lock";
			outputFileListPaths = (
			);
			outputPaths = (
				"$(DERIVED_FILE_DIR)/Pods-CafeNameExtension-checkManifestLockResult.txt",
			);
			runOnlyForDeploymentPostprocessing = 0;
			shellPath = /bin/sh;
			shellScript = "diff \"${PODS_PODFILE_DIR_PATH}/Podfile.lock\" \"${PODS_ROOT}/Manifest.lock\" > /dev/null\nif [ $? != 0 ] ; then\n    # print error to STDERR\n    echo \"error: The sandbox is not in sync with the Podfile.lock. Run 'pod install' or update your CocoaPods installation.\" >&2\n    exit 1\nfi\n# This output is used by Xcode 'outputs' to avoid re-running this script phase.\necho \"SUCCESS\" > \"${SCRIPT_OUTPUT_FILE_0}\"\n";
			showEnvVarsInLog = 0;
		};
		750BAA31CC3D22A8FC9AEC3B /* [CP] Embed Pods Frameworks */ = {
			isa = PBXShellScriptBuildPhase;
			buildActionMask = 2147483647;
			files = (
			);
			inputFileListPaths = (
				"${PODS_ROOT}/Target Support Files/Pods-FoodLuxMea/Pods-FoodLuxMea-frameworks-${CONFIGURATION}-input-files.xcfilelist",
			);
			name = "[CP] Embed Pods Frameworks";
			outputFileListPaths = (
				"${PODS_ROOT}/Target Support Files/Pods-FoodLuxMea/Pods-FoodLuxMea-frameworks-${CONFIGURATION}-output-files.xcfilelist",
			);
			runOnlyForDeploymentPostprocessing = 0;
			shellPath = /bin/sh;
			shellScript = "\"${PODS_ROOT}/Target Support Files/Pods-FoodLuxMea/Pods-FoodLuxMea-frameworks.sh\"\n";
			showEnvVarsInLog = 0;
		};
		7C4167D4F691C072DDA367FF /* [CP] Check Pods Manifest.lock */ = {
			isa = PBXShellScriptBuildPhase;
			buildActionMask = 2147483647;
			files = (
			);
			inputFileListPaths = (
			);
			inputPaths = (
				"${PODS_PODFILE_DIR_PATH}/Podfile.lock",
				"${PODS_ROOT}/Manifest.lock",
			);
			name = "[CP] Check Pods Manifest.lock";
			outputFileListPaths = (
			);
			outputPaths = (
				"$(DERIVED_FILE_DIR)/Pods-FoodLuxMea-checkManifestLockResult.txt",
			);
			runOnlyForDeploymentPostprocessing = 0;
			shellPath = /bin/sh;
			shellScript = "diff \"${PODS_PODFILE_DIR_PATH}/Podfile.lock\" \"${PODS_ROOT}/Manifest.lock\" > /dev/null\nif [ $? != 0 ] ; then\n    # print error to STDERR\n    echo \"error: The sandbox is not in sync with the Podfile.lock. Run 'pod install' or update your CocoaPods installation.\" >&2\n    exit 1\nfi\n# This output is used by Xcode 'outputs' to avoid re-running this script phase.\necho \"SUCCESS\" > \"${SCRIPT_OUTPUT_FILE_0}\"\n";
			showEnvVarsInLog = 0;
		};
/* End PBXShellScriptBuildPhase section */

/* Begin PBXSourcesBuildPhase section */
		250BBBCC24F3F8F700FC0C84 /* Sources */ = {
			isa = PBXSourcesBuildPhase;
			buildActionMask = 2147483647;
			files = (
				25152DCA25250C5700BE63BF /* CafeList.swift in Sources */,
				250BBC2424F3FAC800FC0C84 /* CafeRow.swift in Sources */,
				251E352B251E9B47003F017D /* CustomizedCorneredRadius.swift in Sources */,
				25B52BA3251BC47800D7A94E /* Cafeteria.swift in Sources */,
				250BBBF124F3F92E00FC0C84 /* DailyProposer.swift in Sources */,
				250BBC2524F3FAC800FC0C84 /* SearchBar.swift in Sources */,
				259C58CD25165DD200310FA8 /* SimpleTime.swift in Sources */,
				250BBBF524F3F92E00FC0C84 /* ThemeColor+.swift in Sources */,
				25478C0C251E98AF00B4C3EA /* MealSection.swift in Sources */,
				25A0824A24F3FDEC00593CB3 /* ContentView.swift in Sources */,
				251E3527251E9B03003F017D /* Blur.swift in Sources */,
				250BBC1E24F3FAC800FC0C84 /* AppDelegate.swift in Sources */,
				2500739624F54A37009A32FA /* UserSetting.swift in Sources */,
				2549427224F505730049F32E /* SimpleToggle.swift in Sources */,
				2593233424FBBDF60036C148 /* MapView.swift in Sources */,
				25FF78012503B306006372C7 /* OurhomeStorage.swift in Sources */,
				25340D5F251395CC00E7FA7A /* Cafe.swift in Sources */,
				250BBC2024F3FAC800FC0C84 /* NaverMapProvider.swift in Sources */,
				259C58CB25165D0200310FA8 /* Menu+.swift in Sources */,
				250BBC2724F3FAC800FC0C84 /* SceneDelegate.swift in Sources */,
				250BBBF624F3F92E00FC0C84 /* SNUCODownloader.swift in Sources */,
				2593232E24FAE76F0036C148 /* CafeTimerButton.swift in Sources */,
				2593233624FBCE7C0036C148 /* AboutAppView.swift in Sources */,
				2591C74025020F4E00704673 /* PrivateData.swift in Sources */,
				259F8D5824FA9088000F9A92 /* TimerCafeSettingView.swift in Sources */,
				250BBC2824F3FAC800FC0C84 /* SectionText.swift in Sources */,
				250BBC2224F3FAC800FC0C84 /* SettingView.swift in Sources */,
				2593233224FBB5F40036C148 /* AccentedText.swift in Sources */,
				25A627962513BB5000313CD3 /* CustomHeader.swift in Sources */,
				25A627942513B92600313CD3 /* RowBackground.swift in Sources */,
				2589DF38251B37FC00813B51 /* ErasableRow.swift in Sources */,
				255F312924FCE60700CB6487 /* AppTrackingTransparency.swift in Sources */,
				250BBBF324F3F92E00FC0C84 /* OperatingTime.swift in Sources */,
				25647B6F24F9FFC900E1C3F0 /* CafeInformation.swift in Sources */,
				25AE49E1251A12C600D4CB55 /* CenterModifier.swift in Sources */,
				250BBC2A24F3FAC800FC0C84 /* MealSelect.swift in Sources */,
				2593233024FAE8310036C148 /* CafeRowsFiltered.swift in Sources */,
				259B889524F68B6F001C710C /* GADBannerViewController.swift in Sources */,
				25478BE9251E967C00B4C3EA /* CafeMaterial.swift in Sources */,
				250BBC2924F3FAC800FC0C84 /* CafeView+.swift in Sources */,
				250ADF5E251A8701008D83B8 /* AppStatus.swift in Sources */,
				250BBC1F24F3FAC800FC0C84 /* ListOrderSettingView.swift in Sources */,
			);
			runOnlyForDeploymentPostprocessing = 0;
		};
		25152DFD252510F400BE63BF /* Sources */ = {
			isa = PBXSourcesBuildPhase;
			buildActionMask = 2147483647;
			files = (
				25152E6B2525136100BE63BF /* IntentHandler.swift in Sources */,
				2541D10D2526366300FD3504 /* SnuYumWidget.intentdefinition in Sources */,
			);
			runOnlyForDeploymentPostprocessing = 0;
		};
		25B52B44251BBDEC00D7A94E /* Sources */ = {
			isa = PBXSourcesBuildPhase;
			buildActionMask = 2147483647;
			files = (
				25988CE1251F6162006E24A3 /* CustomizedCorneredRadius.swift in Sources */,
				25B52B63251BC29900D7A94E /* SNUCODownloader.swift in Sources */,
				25CDB5EA251BCA260041D0BD /* ThemeColor+.swift in Sources */,
				25CDB5F0251BCB2F0041D0BD /* RowBackground.swift in Sources */,
				25B52B4B251BBDEC00D7A94E /* AppDelegate.swift in Sources */,
				25B52B79251BC3B500D7A94E /* Menu+.swift in Sources */,
				25B52B4D251BBDEC00D7A94E /* SceneDelegate.swift in Sources */,
				25988CCC251F607C006E24A3 /* Blur.swift in Sources */,
				25B52B85251BC3C500D7A94E /* DailyProposer.swift in Sources */,
				25B52B7F251BC3C000D7A94E /* SimpleTime.swift in Sources */,
				25CDB5ED251BCA870041D0BD /* AccentedText.swift in Sources */,
				253637DD251D112C001038FD /* CustomHeader.swift in Sources */,
				25B52B88251BC3D100D7A94E /* CafeInformation.swift in Sources */,
				25B52B4F251BBDEC00D7A94E /* ContentView.swift in Sources */,
				25B52B82251BC3C200D7A94E /* OperatingTime.swift in Sources */,
				25B52B66251BC29B00D7A94E /* OurhomeStorage.swift in Sources */,
				25B52B7C251BC3BA00D7A94E /* Cafe.swift in Sources */,
				253637E0251D13DC001038FD /* CenterModifier.swift in Sources */,
			);
			runOnlyForDeploymentPostprocessing = 0;
		};
		25E005102524F3E0001C5783 /* Sources */ = {
			isa = PBXSourcesBuildPhase;
			buildActionMask = 2147483647;
			files = (
				25235FB225271AE400B83F27 /* WidgetTitle.swift in Sources */,
				2541D06F252634CD00FD3504 /* WidgetCafeteria.swift in Sources */,
				252528632525028D00FD2069 /* CafeInformation.swift in Sources */,
				25235FC025271B9000B83F27 /* WidgetAccent.swift in Sources */,
				25E0051A2524F3E0001C5783 /* SnuYumWidget.swift in Sources */,
				252528572525016400FD2069 /* OperatingTime.swift in Sources */,
				2525283F2525002700FD2069 /* SNUCODownloader.swift in Sources */,
				25137FC425260A6D00A1326C /* DailyProposer.swift in Sources */,
				252528512525016200FD2069 /* Menu+.swift in Sources */,
				2525285D2525016600FD2069 /* SimpleTime.swift in Sources */,
				2541D07E2526350400FD3504 /* WidgetProvider.swift in Sources */,
				25152E822525141C00BE63BF /* IntentHandler.swift in Sources */,
				25E0051F2524F3E3001C5783 /* SnuYumWidget.intentdefinition in Sources */,
				2505883625267E8F0018E3A8 /* SnuYumMediumWidgetEntryView.swift in Sources */,
				25235FC825271CD800B83F27 /* WidgetNormal.swift in Sources */,
				2505884325267E920018E3A8 /* SnuYumSmallWidgetEntryView.swift in Sources */,
				2548872625263CFB001E9024 /* ThemeColor+.swift in Sources */,
				2525284B2525015D00FD2069 /* Cafe.swift in Sources */,
				252528452525002800FD2069 /* OurhomeStorage.swift in Sources */,
				25235FAB25271AE200B83F27 /* WidgetSubtitle.swift in Sources */,
			);
			runOnlyForDeploymentPostprocessing = 0;
		};
/* End PBXSourcesBuildPhase section */

/* Begin PBXTargetDependency section */
		25152E18252510F400BE63BF /* PBXTargetDependency */ = {
			isa = PBXTargetDependency;
			target = 25152E00252510F400BE63BF /* CafeNameExtension */;
			targetProxy = 25152E17252510F400BE63BF /* PBXContainerItemProxy */;
		};
		25B52B5B251BBDF000D7A94E /* PBXTargetDependency */ = {
			isa = PBXTargetDependency;
			target = 25B52B47251BBDEC00D7A94E /* SnuYumAppClip */;
			targetProxy = 25B52B5A251BBDF000D7A94E /* PBXContainerItemProxy */;
		};
		25E005222524F3E3001C5783 /* PBXTargetDependency */ = {
			isa = PBXTargetDependency;
			target = 25E005132524F3E0001C5783 /* SnuYumWidgetExtension */;
			targetProxy = 25E005212524F3E3001C5783 /* PBXContainerItemProxy */;
		};
/* End PBXTargetDependency section */

/* Begin PBXVariantGroup section */
		250BBBDE24F3F8F900FC0C84 /* LaunchScreen.storyboard */ = {
			isa = PBXVariantGroup;
			children = (
				250BBBDF24F3F8F900FC0C84 /* Base */,
				25C80508250114BA00B7E4CC /* ko */,
			);
			name = LaunchScreen.storyboard;
			sourceTree = "<group>";
		};
		25B52B55251BBDF000D7A94E /* LaunchScreen.storyboard */ = {
			isa = PBXVariantGroup;
			children = (
				25B52B56251BBDF000D7A94E /* Base */,
			);
			name = LaunchScreen.storyboard;
			sourceTree = "<group>";
		};
/* End PBXVariantGroup section */

/* Begin XCBuildConfiguration section */
		250BBBE224F3F8F900FC0C84 /* Debug */ = {
			isa = XCBuildConfiguration;
			buildSettings = {
				ALWAYS_SEARCH_USER_PATHS = NO;
				CLANG_ANALYZER_LOCALIZABILITY_NONLOCALIZED = YES;
				CLANG_ANALYZER_NONNULL = YES;
				CLANG_ANALYZER_NUMBER_OBJECT_CONVERSION = YES_AGGRESSIVE;
				CLANG_CXX_LANGUAGE_STANDARD = "gnu++14";
				CLANG_CXX_LIBRARY = "libc++";
				CLANG_ENABLE_MODULES = YES;
				CLANG_ENABLE_OBJC_ARC = YES;
				CLANG_ENABLE_OBJC_WEAK = YES;
				CLANG_WARN_BLOCK_CAPTURE_AUTORELEASING = YES;
				CLANG_WARN_BOOL_CONVERSION = YES;
				CLANG_WARN_COMMA = YES;
				CLANG_WARN_CONSTANT_CONVERSION = YES;
				CLANG_WARN_DEPRECATED_OBJC_IMPLEMENTATIONS = YES;
				CLANG_WARN_DIRECT_OBJC_ISA_USAGE = YES_ERROR;
				CLANG_WARN_DOCUMENTATION_COMMENTS = YES;
				CLANG_WARN_EMPTY_BODY = YES;
				CLANG_WARN_ENUM_CONVERSION = YES;
				CLANG_WARN_INFINITE_RECURSION = YES;
				CLANG_WARN_INT_CONVERSION = YES;
				CLANG_WARN_NON_LITERAL_NULL_CONVERSION = YES;
				CLANG_WARN_OBJC_IMPLICIT_RETAIN_SELF = YES;
				CLANG_WARN_OBJC_LITERAL_CONVERSION = YES;
				CLANG_WARN_OBJC_ROOT_CLASS = YES_ERROR;
				CLANG_WARN_QUOTED_INCLUDE_IN_FRAMEWORK_HEADER = YES;
				CLANG_WARN_RANGE_LOOP_ANALYSIS = YES;
				CLANG_WARN_STRICT_PROTOTYPES = YES;
				CLANG_WARN_SUSPICIOUS_MOVE = YES;
				CLANG_WARN_UNGUARDED_AVAILABILITY = YES_AGGRESSIVE;
				CLANG_WARN_UNREACHABLE_CODE = YES;
				CLANG_WARN__DUPLICATE_METHOD_MATCH = YES;
				COPY_PHASE_STRIP = NO;
				DEBUG_INFORMATION_FORMAT = dwarf;
				ENABLE_ONLY_ACTIVE_RESOURCES = YES;
				ENABLE_STRICT_OBJC_MSGSEND = YES;
				ENABLE_TESTABILITY = YES;
				GCC_C_LANGUAGE_STANDARD = gnu11;
				GCC_DYNAMIC_NO_PIC = NO;
				GCC_NO_COMMON_BLOCKS = YES;
				GCC_OPTIMIZATION_LEVEL = 0;
				GCC_PREPROCESSOR_DEFINITIONS = (
					"DEBUG=1",
					"$(inherited)",
				);
				GCC_WARN_64_TO_32_BIT_CONVERSION = YES;
				GCC_WARN_ABOUT_RETURN_TYPE = YES_ERROR;
				GCC_WARN_UNDECLARED_SELECTOR = YES;
				GCC_WARN_UNINITIALIZED_AUTOS = YES_AGGRESSIVE;
				GCC_WARN_UNUSED_FUNCTION = YES;
				GCC_WARN_UNUSED_VARIABLE = YES;
				IPHONEOS_DEPLOYMENT_TARGET = 13.0;
				MTL_ENABLE_DEBUG_INFO = INCLUDE_SOURCE;
				MTL_FAST_MATH = YES;
				ONLY_ACTIVE_ARCH = YES;
				SDKROOT = iphoneos;
				SWIFT_ACTIVE_COMPILATION_CONDITIONS = DEBUG;
				SWIFT_OPTIMIZATION_LEVEL = "-Onone";
			};
			name = Debug;
		};
		250BBBE324F3F8F900FC0C84 /* Release */ = {
			isa = XCBuildConfiguration;
			buildSettings = {
				ALWAYS_SEARCH_USER_PATHS = NO;
				CLANG_ANALYZER_LOCALIZABILITY_NONLOCALIZED = YES;
				CLANG_ANALYZER_NONNULL = YES;
				CLANG_ANALYZER_NUMBER_OBJECT_CONVERSION = YES_AGGRESSIVE;
				CLANG_CXX_LANGUAGE_STANDARD = "gnu++14";
				CLANG_CXX_LIBRARY = "libc++";
				CLANG_ENABLE_MODULES = YES;
				CLANG_ENABLE_OBJC_ARC = YES;
				CLANG_ENABLE_OBJC_WEAK = YES;
				CLANG_WARN_BLOCK_CAPTURE_AUTORELEASING = YES;
				CLANG_WARN_BOOL_CONVERSION = YES;
				CLANG_WARN_COMMA = YES;
				CLANG_WARN_CONSTANT_CONVERSION = YES;
				CLANG_WARN_DEPRECATED_OBJC_IMPLEMENTATIONS = YES;
				CLANG_WARN_DIRECT_OBJC_ISA_USAGE = YES_ERROR;
				CLANG_WARN_DOCUMENTATION_COMMENTS = YES;
				CLANG_WARN_EMPTY_BODY = YES;
				CLANG_WARN_ENUM_CONVERSION = YES;
				CLANG_WARN_INFINITE_RECURSION = YES;
				CLANG_WARN_INT_CONVERSION = YES;
				CLANG_WARN_NON_LITERAL_NULL_CONVERSION = YES;
				CLANG_WARN_OBJC_IMPLICIT_RETAIN_SELF = YES;
				CLANG_WARN_OBJC_LITERAL_CONVERSION = YES;
				CLANG_WARN_OBJC_ROOT_CLASS = YES_ERROR;
				CLANG_WARN_QUOTED_INCLUDE_IN_FRAMEWORK_HEADER = YES;
				CLANG_WARN_RANGE_LOOP_ANALYSIS = YES;
				CLANG_WARN_STRICT_PROTOTYPES = YES;
				CLANG_WARN_SUSPICIOUS_MOVE = YES;
				CLANG_WARN_UNGUARDED_AVAILABILITY = YES_AGGRESSIVE;
				CLANG_WARN_UNREACHABLE_CODE = YES;
				CLANG_WARN__DUPLICATE_METHOD_MATCH = YES;
				COPY_PHASE_STRIP = NO;
				DEBUG_INFORMATION_FORMAT = "dwarf-with-dsym";
				ENABLE_NS_ASSERTIONS = NO;
				ENABLE_STRICT_OBJC_MSGSEND = YES;
				GCC_C_LANGUAGE_STANDARD = gnu11;
				GCC_NO_COMMON_BLOCKS = YES;
				GCC_WARN_64_TO_32_BIT_CONVERSION = YES;
				GCC_WARN_ABOUT_RETURN_TYPE = YES_ERROR;
				GCC_WARN_UNDECLARED_SELECTOR = YES;
				GCC_WARN_UNINITIALIZED_AUTOS = YES_AGGRESSIVE;
				GCC_WARN_UNUSED_FUNCTION = YES;
				GCC_WARN_UNUSED_VARIABLE = YES;
				IPHONEOS_DEPLOYMENT_TARGET = 13.0;
				MTL_ENABLE_DEBUG_INFO = NO;
				MTL_FAST_MATH = YES;
				ONLY_ACTIVE_ARCH = NO;
				SDKROOT = iphoneos;
				SWIFT_COMPILATION_MODE = wholemodule;
				SWIFT_OPTIMIZATION_LEVEL = "-O";
				VALIDATE_PRODUCT = YES;
			};
			name = Release;
		};
		250BBBE524F3F8F900FC0C84 /* Debug */ = {
			isa = XCBuildConfiguration;
			baseConfigurationReference = 9E4038A0D0F16B58B5C86E40 /* Pods-FoodLuxMea.debug.xcconfig */;
			buildSettings = {
				ASSETCATALOG_COMPILER_APPICON_NAME = AppIcon;
				ASSETCATALOG_COMPILER_GLOBAL_ACCENT_COLOR_NAME = AccentColor;
				CLANG_WARN_QUOTED_INCLUDE_IN_FRAMEWORK_HEADER = YES;
				CODE_SIGN_ENTITLEMENTS = FoodLuxMea/FoodLuxMea.entitlements;
				CODE_SIGN_IDENTITY = "Apple Development";
				CODE_SIGN_STYLE = Automatic;
				CURRENT_PROJECT_VERSION = 6;
				DEVELOPMENT_ASSET_PATHS = "\"FoodLuxMea/Preview Content\"";
				DEVELOPMENT_TEAM = 4954Z45396;
				ENABLE_ONLY_ACTIVE_RESOURCES = YES;
				ENABLE_PREVIEWS = YES;
				EXCLUDED_ARCHS = "";
				FRAMEWORK_SEARCH_PATHS = "$(inherited)";
				INFOPLIST_FILE = FoodLuxMea/Info.plist;
				IPHONEOS_DEPLOYMENT_TARGET = 13.0;
				LD_RUNPATH_SEARCH_PATHS = (
					"$(inherited)",
					"@executable_path/Frameworks",
				);
				MARKETING_VERSION = 1.5;
				ONLY_ACTIVE_ARCH = YES;
				OTHER_LDFLAGS = (
					"$(inherited)",
					"-ObjC",
					"-l\"c++\"",
					"-l\"sqlite3\"",
					"-l\"z\"",
					"-framework",
					"\"AVFoundation\"",
					"-framework",
					"\"AudioToolbox\"",
					"-framework",
					"\"CFNetwork\"",
					"-framework",
					"\"CoreGraphics\"",
					"-framework",
					"\"CoreMedia\"",
					"-framework",
					"\"CoreTelephony\"",
					"-framework",
					"\"CoreVideo\"",
					"-framework",
					"\"FBLPromises\"",
					"-framework",
					"\"GoogleAppMeasurement\"",
					"-framework",
					"\"GoogleMobileAds\"",
					"-framework",
					"\"GoogleUtilities\"",
					"-framework",
					"\"MediaPlayer\"",
					"-framework",
					"\"MessageUI\"",
					"-framework",
					"\"MobileCoreServices\"",
					"-framework",
					"\"NMapsMap\"",
					"-framework",
					"\"QuartzCore\"",
					"-framework",
					"\"Security\"",
					"-framework",
					"\"StoreKit\"",
					"-framework",
					"\"SwiftSoup\"",
					"-framework",
					"\"SystemConfiguration\"",
					"-framework",
					"\"UserMessagingPlatform\"",
					"-framework",
					"\"WebKit\"",
					"-framework",
					"\"nanopb\"",
					"-weak_framework",
					"\"AdSupport\"",
					"-weak_framework",
					"\"JavaScriptCore\"",
					"-weak_framework",
					"\"SafariServices\"",
					"-weak_framework",
					"\"WebKit\"",
				);
				PRODUCT_BUNDLE_IDENTIFIER = com.wannasleep.FoodLuxMea;
				PRODUCT_NAME = "$(TARGET_NAME)";
				PROVISIONING_PROFILE_SPECIFIER = "";
				SUPPORTS_MACCATALYST = NO;
				SUPPORTS_MAC_DESIGNED_FOR_IPHONE_IPAD = YES;
				SWIFT_VERSION = 5.0;
				TARGETED_DEVICE_FAMILY = 1;
			};
			name = Debug;
		};
		250BBBE624F3F8F900FC0C84 /* Release */ = {
			isa = XCBuildConfiguration;
			baseConfigurationReference = 762B0F8D7CD7CD0F9A19C2A1 /* Pods-FoodLuxMea.release.xcconfig */;
			buildSettings = {
				ASSETCATALOG_COMPILER_APPICON_NAME = AppIcon;
				ASSETCATALOG_COMPILER_GLOBAL_ACCENT_COLOR_NAME = AccentColor;
				CLANG_WARN_QUOTED_INCLUDE_IN_FRAMEWORK_HEADER = YES;
				CODE_SIGN_ENTITLEMENTS = FoodLuxMea/FoodLuxMea.entitlements;
				CODE_SIGN_IDENTITY = "Apple Development";
				CODE_SIGN_STYLE = Automatic;
				CURRENT_PROJECT_VERSION = 6;
				DEVELOPMENT_ASSET_PATHS = "\"FoodLuxMea/Preview Content\"";
				DEVELOPMENT_TEAM = 4954Z45396;
				ENABLE_ONLY_ACTIVE_RESOURCES = YES;
				ENABLE_PREVIEWS = YES;
				EXCLUDED_ARCHS = "";
				INFOPLIST_FILE = FoodLuxMea/Info.plist;
				IPHONEOS_DEPLOYMENT_TARGET = 13.0;
				LD_RUNPATH_SEARCH_PATHS = (
					"$(inherited)",
					"@executable_path/Frameworks",
				);
				MARKETING_VERSION = 1.5;
				ONLY_ACTIVE_ARCH = YES;
				OTHER_LDFLAGS = (
					"$(inherited)",
					"-ObjC",
					"-l\"c++\"",
					"-l\"sqlite3\"",
					"-l\"z\"",
					"-framework",
					"\"AVFoundation\"",
					"-framework",
					"\"AudioToolbox\"",
					"-framework",
					"\"CFNetwork\"",
					"-framework",
					"\"CoreGraphics\"",
					"-framework",
					"\"CoreMedia\"",
					"-framework",
					"\"CoreTelephony\"",
					"-framework",
					"\"CoreVideo\"",
					"-framework",
					"\"FBLPromises\"",
					"-framework",
					"\"GoogleAppMeasurement\"",
					"-framework",
					"\"GoogleMobileAds\"",
					"-framework",
					"\"GoogleUtilities\"",
					"-framework",
					"\"MediaPlayer\"",
					"-framework",
					"\"MessageUI\"",
					"-framework",
					"\"MobileCoreServices\"",
					"-framework",
					"\"NMapsMap\"",
					"-framework",
					"\"QuartzCore\"",
					"-framework",
					"\"Security\"",
					"-framework",
					"\"StoreKit\"",
					"-framework",
					"\"SwiftSoup\"",
					"-framework",
					"\"SystemConfiguration\"",
					"-framework",
					"\"UserMessagingPlatform\"",
					"-framework",
					"\"WebKit\"",
					"-framework",
					"\"nanopb\"",
					"-weak_framework",
					"\"AdSupport\"",
					"-weak_framework",
					"\"JavaScriptCore\"",
					"-weak_framework",
					"\"SafariServices\"",
					"-weak_framework",
					"\"WebKit\"",
				);
				PRODUCT_BUNDLE_IDENTIFIER = com.wannasleep.FoodLuxMea;
				PRODUCT_NAME = "$(TARGET_NAME)";
				PROVISIONING_PROFILE_SPECIFIER = "";
				SUPPORTS_MACCATALYST = NO;
				SUPPORTS_MAC_DESIGNED_FOR_IPHONE_IPAD = YES;
				SWIFT_VERSION = 5.0;
				TARGETED_DEVICE_FAMILY = 1;
			};
			name = Release;
		};
		25152E1E252510F400BE63BF /* Debug */ = {
			isa = XCBuildConfiguration;
			baseConfigurationReference = F6B35D6387E44C5AF339D0C6 /* Pods-CafeNameExtension.debug.xcconfig */;
			buildSettings = {
				CODE_SIGN_IDENTITY = "Apple Development";
				CODE_SIGN_STYLE = Automatic;
				CURRENT_PROJECT_VERSION = 6;
				DEVELOPMENT_TEAM = 4954Z45396;
				INFOPLIST_FILE = CafeNameExtension/Info.plist;
				IPHONEOS_DEPLOYMENT_TARGET = 14.0;
				LD_RUNPATH_SEARCH_PATHS = (
					"$(inherited)",
					"@executable_path/Frameworks",
					"@executable_path/../../Frameworks",
				);
				MARKETING_VERSION = 1.5;
				PRODUCT_BUNDLE_IDENTIFIER = com.wannasleep.FoodLuxMea.CafeNameExtension;
				PRODUCT_NAME = "$(TARGET_NAME)";
				SKIP_INSTALL = YES;
				SWIFT_VERSION = 5.0;
				TARGETED_DEVICE_FAMILY = 1;
			};
			name = Debug;
		};
		25152E1F252510F400BE63BF /* Release */ = {
			isa = XCBuildConfiguration;
			baseConfigurationReference = A0D2A8F474D1792F9AD655FF /* Pods-CafeNameExtension.release.xcconfig */;
			buildSettings = {
				CODE_SIGN_IDENTITY = "Apple Development";
				CODE_SIGN_STYLE = Automatic;
				CURRENT_PROJECT_VERSION = 6;
				DEVELOPMENT_TEAM = 4954Z45396;
				INFOPLIST_FILE = CafeNameExtension/Info.plist;
				IPHONEOS_DEPLOYMENT_TARGET = 14.0;
				LD_RUNPATH_SEARCH_PATHS = (
					"$(inherited)",
					"@executable_path/Frameworks",
					"@executable_path/../../Frameworks",
				);
				MARKETING_VERSION = 1.5;
				PRODUCT_BUNDLE_IDENTIFIER = com.wannasleep.FoodLuxMea.CafeNameExtension;
				PRODUCT_NAME = "$(TARGET_NAME)";
				SKIP_INSTALL = YES;
				SWIFT_VERSION = 5.0;
				TARGETED_DEVICE_FAMILY = 1;
			};
			name = Release;
		};
		25B52B5E251BBDF000D7A94E /* Debug */ = {
			isa = XCBuildConfiguration;
			baseConfigurationReference = DB5B5265F15C2DFC89A94E85 /* Pods-SnuYumAppClip.debug.xcconfig */;
			buildSettings = {
				ASSETCATALOG_COMPILER_APPICON_NAME = AppIcon;
				ASSETCATALOG_COMPILER_GLOBAL_ACCENT_COLOR_NAME = AccentColor;
				CODE_SIGN_ENTITLEMENTS = SnuYumAppClip/SnuYumAppClip.entitlements;
				CODE_SIGN_IDENTITY = "Apple Development";
				CODE_SIGN_STYLE = Automatic;
				CURRENT_PROJECT_VERSION = 6;
				DEVELOPMENT_ASSET_PATHS = "\"SnuYumAppClip/Preview Content\"";
				DEVELOPMENT_TEAM = 4954Z45396;
				ENABLE_PREVIEWS = YES;
				INFOPLIST_FILE = SnuYumAppClip/Info.plist;
				IPHONEOS_DEPLOYMENT_TARGET = 14.0;
				LD_RUNPATH_SEARCH_PATHS = (
					"$(inherited)",
					"@executable_path/Frameworks",
				);
				MARKETING_VERSION = 1.5;
				OTHER_LDFLAGS = (
					"$(inherited)",
					"-framework",
					"\"SwiftSoup\"",
				);
				PRODUCT_BUNDLE_IDENTIFIER = com.wannasleep.FoodLuxMea.Clip;
				PRODUCT_NAME = "$(TARGET_NAME)";
				SWIFT_VERSION = 5.0;
				TARGETED_DEVICE_FAMILY = 1;
			};
			name = Debug;
		};
		25B52B5F251BBDF000D7A94E /* Release */ = {
			isa = XCBuildConfiguration;
			baseConfigurationReference = 310C5DBECE846D213FE582A9 /* Pods-SnuYumAppClip.release.xcconfig */;
			buildSettings = {
				ASSETCATALOG_COMPILER_APPICON_NAME = AppIcon;
				ASSETCATALOG_COMPILER_GLOBAL_ACCENT_COLOR_NAME = AccentColor;
				CODE_SIGN_ENTITLEMENTS = SnuYumAppClip/SnuYumAppClip.entitlements;
				CODE_SIGN_IDENTITY = "Apple Development";
				CODE_SIGN_STYLE = Automatic;
				CURRENT_PROJECT_VERSION = 6;
				DEVELOPMENT_ASSET_PATHS = "\"SnuYumAppClip/Preview Content\"";
				DEVELOPMENT_TEAM = 4954Z45396;
				ENABLE_PREVIEWS = YES;
				INFOPLIST_FILE = SnuYumAppClip/Info.plist;
				IPHONEOS_DEPLOYMENT_TARGET = 14.0;
				LD_RUNPATH_SEARCH_PATHS = (
					"$(inherited)",
					"@executable_path/Frameworks",
				);
				MARKETING_VERSION = 1.5;
				OTHER_LDFLAGS = (
					"$(inherited)",
					"-framework",
					"\"SwiftSoup\"",
				);
				PRODUCT_BUNDLE_IDENTIFIER = com.wannasleep.FoodLuxMea.Clip;
				PRODUCT_NAME = "$(TARGET_NAME)";
				SWIFT_VERSION = 5.0;
				TARGETED_DEVICE_FAMILY = 1;
			};
			name = Release;
		};
		25E005242524F3E3001C5783 /* Debug */ = {
			isa = XCBuildConfiguration;
			baseConfigurationReference = 881A4172E46BE98B69CB8ABE /* Pods-SnuYumWidgetExtension.debug.xcconfig */;
			buildSettings = {
				ASSETCATALOG_COMPILER_GLOBAL_ACCENT_COLOR_NAME = AccentColor;
				ASSETCATALOG_COMPILER_WIDGET_BACKGROUND_COLOR_NAME = WidgetBackground;
				CODE_SIGN_IDENTITY = "Apple Development";
				CODE_SIGN_STYLE = Automatic;
				CURRENT_PROJECT_VERSION = 6;
				DEVELOPMENT_TEAM = 4954Z45396;
				INFOPLIST_FILE = SnuYumWidget/Info.plist;
				IPHONEOS_DEPLOYMENT_TARGET = 14.0;
				LD_RUNPATH_SEARCH_PATHS = (
					"$(inherited)",
					"@executable_path/Frameworks",
					"@executable_path/../../Frameworks",
				);
				MARKETING_VERSION = 1.5;
				OTHER_LDFLAGS = (
					"$(inherited)",
					"-framework",
					"\"SwiftSoup\"",
				);
				PRODUCT_BUNDLE_IDENTIFIER = com.wannasleep.FoodLuxMea.SnuYumWidget;
				PRODUCT_NAME = "$(TARGET_NAME)";
				SKIP_INSTALL = YES;
				SWIFT_VERSION = 5.0;
				TARGETED_DEVICE_FAMILY = 1;
			};
			name = Debug;
		};
		25E005252524F3E3001C5783 /* Release */ = {
			isa = XCBuildConfiguration;
			baseConfigurationReference = EEC5F4D21114D37B98BB3B39 /* Pods-SnuYumWidgetExtension.release.xcconfig */;
			buildSettings = {
				ASSETCATALOG_COMPILER_GLOBAL_ACCENT_COLOR_NAME = AccentColor;
				ASSETCATALOG_COMPILER_WIDGET_BACKGROUND_COLOR_NAME = WidgetBackground;
				CODE_SIGN_IDENTITY = "Apple Development";
				CODE_SIGN_STYLE = Automatic;
				CURRENT_PROJECT_VERSION = 6;
				DEVELOPMENT_TEAM = 4954Z45396;
				INFOPLIST_FILE = SnuYumWidget/Info.plist;
				IPHONEOS_DEPLOYMENT_TARGET = 14.0;
				LD_RUNPATH_SEARCH_PATHS = (
					"$(inherited)",
					"@executable_path/Frameworks",
					"@executable_path/../../Frameworks",
				);
				MARKETING_VERSION = 1.5;
				OTHER_LDFLAGS = (
					"$(inherited)",
					"-framework",
					"\"SwiftSoup\"",
				);
				PRODUCT_BUNDLE_IDENTIFIER = com.wannasleep.FoodLuxMea.SnuYumWidget;
				PRODUCT_NAME = "$(TARGET_NAME)";
				SKIP_INSTALL = YES;
				SWIFT_VERSION = 5.0;
				TARGETED_DEVICE_FAMILY = 1;
			};
			name = Release;
		};
/* End XCBuildConfiguration section */

/* Begin XCConfigurationList section */
		250BBBCB24F3F8F700FC0C84 /* Build configuration list for PBXProject "FoodLuxMea" */ = {
			isa = XCConfigurationList;
			buildConfigurations = (
				250BBBE224F3F8F900FC0C84 /* Debug */,
				250BBBE324F3F8F900FC0C84 /* Release */,
			);
			defaultConfigurationIsVisible = 0;
			defaultConfigurationName = Release;
		};
		250BBBE424F3F8F900FC0C84 /* Build configuration list for PBXNativeTarget "FoodLuxMea" */ = {
			isa = XCConfigurationList;
			buildConfigurations = (
				250BBBE524F3F8F900FC0C84 /* Debug */,
				250BBBE624F3F8F900FC0C84 /* Release */,
			);
			defaultConfigurationIsVisible = 0;
			defaultConfigurationName = Release;
		};
		25152E1D252510F400BE63BF /* Build configuration list for PBXNativeTarget "CafeNameExtension" */ = {
			isa = XCConfigurationList;
			buildConfigurations = (
				25152E1E252510F400BE63BF /* Debug */,
				25152E1F252510F400BE63BF /* Release */,
			);
			defaultConfigurationIsVisible = 0;
			defaultConfigurationName = Release;
		};
		25B52B60251BBDF000D7A94E /* Build configuration list for PBXNativeTarget "SnuYumAppClip" */ = {
			isa = XCConfigurationList;
			buildConfigurations = (
				25B52B5E251BBDF000D7A94E /* Debug */,
				25B52B5F251BBDF000D7A94E /* Release */,
			);
			defaultConfigurationIsVisible = 0;
			defaultConfigurationName = Release;
		};
		25E005262524F3E3001C5783 /* Build configuration list for PBXNativeTarget "SnuYumWidgetExtension" */ = {
			isa = XCConfigurationList;
			buildConfigurations = (
				25E005242524F3E3001C5783 /* Debug */,
				25E005252524F3E3001C5783 /* Release */,
			);
			defaultConfigurationIsVisible = 0;
			defaultConfigurationName = Release;
		};
/* End XCConfigurationList section */
	};
	rootObject = 250BBBC824F3F8F700FC0C84 /* Project object */;
}
